{
  "version": 4,
  "terraform_version": "1.14.4",
  "serial": 209,
  "lineage": "5fd9dfa4-60eb-2841-808d-d7ae24094980",
  "outputs": {
    "api_base_url": {
      "value": "https://pchmrf7nr6.execute-api.us-east-1.amazonaws.com/dev",
      "type": "string"
    },
    "api_invoke_url": {
      "value": "arn:aws:execute-api:us-east-1:425720187450:pchmrf7nr6/dev",
      "type": "string"
    },
    "cloudfront_distribution_id": {
      "value": "E3I11PDJJ4K43T",
      "type": "string"
    },
    "cloudfront_domain_name": {
      "value": "d9h4mfcv2arh5.cloudfront.net",
      "type": "string"
    },
    "cognito_domain": {
      "value": "animerec-auth",
      "type": "string"
    },
    "cognito_hosted_ui_url": {
      "value": "https://animerec-auth.auth.425720187450.amazoncognito.com",
      "type": "string"
    },
    "cognito_identity_pool_id": {
      "value": "us-east-1:c6c097a6-8fe3-41a1-96b1-eab117adcda5",
      "type": "string"
    },
    "cognito_user_pool_client_id": {
      "value": "6bjqlh3ffvn7qo1tmdsk2tieqg",
      "type": "string"
    },
    "cognito_user_pool_id": {
      "value": "us-east-1_FNOzzljx2",
      "type": "string"
    },
    "frontend_bucket_name": {
      "value": "animerec-frontend-425720187450",
      "type": "string"
    }
  },
  "resources": [
    {
      "mode": "data",
      "type": "aws_caller_identity",
      "name": "current",
      "provider": "provider[\"registry.terraform.io/hashicorp/aws\"]",
      "instances": [
        {
          "schema_version": 0,
          "attributes": {
            "account_id": "425720187450",
            "arn": "arn:aws:iam::425720187450:user/dev",
            "id": "425720187450",
            "user_id": "AIDAWGHXGRI5OUHRNNFW3"
          },
          "sensitive_attributes": [],
          "identity_schema_version": 0
        }
      ]
    },
    {
      "mode": "managed",
      "type": "aws_api_gateway_authorizer",
      "name": "cognito",
      "provider": "provider[\"registry.terraform.io/hashicorp/aws\"]",
      "instances": [
        {
          "schema_version": 0,
          "attributes": {
            "arn": "arn:aws:apigateway:us-east-1::/restapis/pchmrf7nr6/authorizers/ncn4na",
            "authorizer_credentials": "",
            "authorizer_result_ttl_in_seconds": 300,
            "authorizer_uri": "",
            "id": "ncn4na",
            "identity_source": "method.request.header.Authorization",
            "identity_validation_expression": "",
            "name": "animerec-cognito-auth",
            "provider_arns": [
              "arn:aws:cognito-idp:us-east-1:425720187450:userpool/us-east-1_FNOzzljx2"
            ],
            "rest_api_id": "pchmrf7nr6",
            "type": "COGNITO_USER_POOLS"
          },
          "sensitive_attributes": [],
          "identity_schema_version": 0,
          "private": "bnVsbA==",
          "dependencies": [
            "aws_api_gateway_rest_api.api",
            "module.cognito.aws_cognito_user_pool.main"
          ],
          "create_before_destroy": true
        }
      ]
    },
    {
      "mode": "managed",
      "type": "aws_api_gateway_deployment",
      "name": "api_deployment",
      "provider": "provider[\"registry.terraform.io/hashicorp/aws\"]",
      "instances": [
        {
          "schema_version": 0,
          "attributes": {
            "created_date": "2026-02-10T19:56:08Z",
            "description": "",
            "execution_arn": "arn:aws:execute-api:us-east-1:425720187450:pchmrf7nr6/",
            "id": "ejz8rn",
            "invoke_url": "https://pchmrf7nr6.execute-api.us-east-1.amazonaws.com/",
            "rest_api_id": "pchmrf7nr6",
            "stage_description": null,
            "stage_name": null,
            "triggers": {
              "redeployment": "2026-02-10T19:56:08Z"
            },
            "variables": null
          },
          "sensitive_attributes": [],
          "identity_schema_version": 0,
          "private": "bnVsbA==",
          "dependencies": [
            "aws_api_gateway_authorizer.cognito",
            "aws_api_gateway_integration.auth_login_options",
            "aws_api_gateway_integration.auth_login_post",
            "aws_api_gateway_integration.auth_signup_options",
            "aws_api_gateway_integration.auth_signup_post",
            "aws_api_gateway_integration.onboarding_options",
            "aws_api_gateway_integration.onboarding_post",
            "aws_api_gateway_integration.recommendations_get",
            "aws_api_gateway_integration.recommendations_options",
            "aws_api_gateway_integration.recommendations_post",
            "aws_api_gateway_method.auth_login_options",
            "aws_api_gateway_method.auth_login_post",
            "aws_api_gateway_method.auth_signup_options",
            "aws_api_gateway_method.auth_signup_post",
            "aws_api_gateway_method.onboarding_options",
            "aws_api_gateway_method.onboarding_post",
            "aws_api_gateway_method.recommendations_get",
            "aws_api_gateway_method.recommendations_options",
            "aws_api_gateway_method.recommendations_post",
            "aws_api_gateway_resource.auth",
            "aws_api_gateway_resource.auth_login",
            "aws_api_gateway_resource.auth_signup",
            "aws_api_gateway_resource.onboarding",
            "aws_api_gateway_resource.onboarding_user",
            "aws_api_gateway_resource.recommendations",
            "aws_api_gateway_resource.recommendations_user",
            "aws_api_gateway_rest_api.api",
            "module.auth_lambda.aws_iam_role.lambda_exec_role",
            "module.auth_lambda.aws_lambda_function.function",
            "module.auth_lambda.data.archive_file.lambda_zip",
            "module.cognito.aws_cognito_user_pool.main",
            "module.cognito.aws_cognito_user_pool_client.main",
            "module.dynamodb.aws_dynamodb_table.anime",
            "module.dynamodb.aws_dynamodb_table.interactions",
            "module.dynamodb.aws_dynamodb_table.recommendation_cache",
            "module.dynamodb.aws_dynamodb_table.users",
            "module.onboarding_lambda.aws_iam_role.lambda_exec_role",
            "module.onboarding_lambda.aws_lambda_function.function",
            "module.onboarding_lambda.data.archive_file.lambda_zip",
            "module.recommendation_api_lambda.aws_iam_role.lambda_exec_role",
            "module.recommendation_api_lambda.aws_lambda_function.function",
            "module.recommendation_api_lambda.data.archive_file.lambda_zip",
            "module.recommendation_worker_lambda.aws_iam_role.lambda_exec_role",
            "module.recommendation_worker_lambda.aws_lambda_function.function",
            "module.recommendation_worker_lambda.data.archive_file.lambda_zip"
          ],
          "create_before_destroy": true
        }
      ]
    },
    {
      "mode": "managed",
      "type": "aws_api_gateway_integration",
      "name": "auth_login_options",
      "provider": "provider[\"registry.terraform.io/hashicorp/aws\"]",
      "instances": [
        {
          "schema_version": 0,
          "attributes": {
            "cache_key_parameters": [],
            "cache_namespace": "4dlqqu",
            "connection_id": "",
            "connection_type": "INTERNET",
            "content_handling": "",
            "credentials": "",
            "http_method": "OPTIONS",
            "id": "agi-pchmrf7nr6-4dlqqu-OPTIONS",
            "integration_http_method": "",
            "passthrough_behavior": "WHEN_NO_MATCH",
            "request_parameters": {},
            "request_templates": {
              "application/json": "{\"statusCode\": 200}"
            },
            "resource_id": "4dlqqu",
            "rest_api_id": "pchmrf7nr6",
            "timeout_milliseconds": 29000,
            "tls_config": [],
            "type": "MOCK",
            "uri": ""
          },
          "sensitive_attributes": [],
          "identity_schema_version": 0,
          "private": "bnVsbA==",
          "dependencies": [
            "aws_api_gateway_method.auth_login_options",
            "aws_api_gateway_resource.auth",
            "aws_api_gateway_resource.auth_login",
            "aws_api_gateway_rest_api.api"
          ],
          "create_before_destroy": true
        }
      ]
    },
    {
      "mode": "managed",
      "type": "aws_api_gateway_integration",
      "name": "auth_login_post",
      "provider": "provider[\"registry.terraform.io/hashicorp/aws\"]",
      "instances": [
        {
          "schema_version": 0,
          "attributes": {
            "cache_key_parameters": [],
            "cache_namespace": "4dlqqu",
            "connection_id": "",
            "connection_type": "INTERNET",
            "content_handling": "",
            "credentials": "",
            "http_method": "POST",
            "id": "agi-pchmrf7nr6-4dlqqu-POST",
            "integration_http_method": "POST",
            "passthrough_behavior": "WHEN_NO_MATCH",
            "request_parameters": {},
            "request_templates": {},
            "resource_id": "4dlqqu",
            "rest_api_id": "pchmrf7nr6",
            "timeout_milliseconds": 29000,
            "tls_config": [],
            "type": "AWS_PROXY",
            "uri": "arn:aws:apigateway:us-east-1:lambda:path/2015-03-31/functions/arn:aws:lambda:us-east-1:425720187450:function:animerec-auth/invocations"
          },
          "sensitive_attributes": [],
          "identity_schema_version": 0,
          "private": "bnVsbA==",
          "dependencies": [
            "aws_api_gateway_method.auth_login_post",
            "aws_api_gateway_resource.auth",
            "aws_api_gateway_resource.auth_login",
            "aws_api_gateway_rest_api.api",
            "module.auth_lambda.aws_iam_role.lambda_exec_role",
            "module.auth_lambda.aws_lambda_function.function",
            "module.auth_lambda.data.archive_file.lambda_zip",
            "module.cognito.aws_cognito_user_pool.main",
            "module.cognito.aws_cognito_user_pool_client.main"
          ],
          "create_before_destroy": true
        }
      ]
    },
    {
      "mode": "managed",
      "type": "aws_api_gateway_integration",
      "name": "auth_signup_options",
      "provider": "provider[\"registry.terraform.io/hashicorp/aws\"]",
      "instances": [
        {
          "schema_version": 0,
          "attributes": {
            "cache_key_parameters": [],
            "cache_namespace": "8xzpea",
            "connection_id": "",
            "connection_type": "INTERNET",
            "content_handling": "",
            "credentials": "",
            "http_method": "OPTIONS",
            "id": "agi-pchmrf7nr6-8xzpea-OPTIONS",
            "integration_http_method": "",
            "passthrough_behavior": "WHEN_NO_MATCH",
            "request_parameters": {},
            "request_templates": {
              "application/json": "{\"statusCode\": 200}"
            },
            "resource_id": "8xzpea",
            "rest_api_id": "pchmrf7nr6",
            "timeout_milliseconds": 29000,
            "tls_config": [],
            "type": "MOCK",
            "uri": ""
          },
          "sensitive_attributes": [],
          "identity_schema_version": 0,
          "private": "bnVsbA==",
          "dependencies": [
            "aws_api_gateway_method.auth_signup_options",
            "aws_api_gateway_resource.auth",
            "aws_api_gateway_resource.auth_signup",
            "aws_api_gateway_rest_api.api"
          ],
          "create_before_destroy": true
        }
      ]
    },
    {
      "mode": "managed",
      "type": "aws_api_gateway_integration",
      "name": "auth_signup_post",
      "provider": "provider[\"registry.terraform.io/hashicorp/aws\"]",
      "instances": [
        {
          "schema_version": 0,
          "attributes": {
            "cache_key_parameters": [],
            "cache_namespace": "8xzpea",
            "connection_id": "",
            "connection_type": "INTERNET",
            "content_handling": "",
            "credentials": "",
            "http_method": "POST",
            "id": "agi-pchmrf7nr6-8xzpea-POST",
            "integration_http_method": "POST",
            "passthrough_behavior": "WHEN_NO_MATCH",
            "request_parameters": {},
            "request_templates": {},
            "resource_id": "8xzpea",
            "rest_api_id": "pchmrf7nr6",
            "timeout_milliseconds": 29000,
            "tls_config": [],
            "type": "AWS_PROXY",
            "uri": "arn:aws:apigateway:us-east-1:lambda:path/2015-03-31/functions/arn:aws:lambda:us-east-1:425720187450:function:animerec-auth/invocations"
          },
          "sensitive_attributes": [],
          "identity_schema_version": 0,
          "private": "bnVsbA==",
          "dependencies": [
            "aws_api_gateway_method.auth_signup_post",
            "aws_api_gateway_resource.auth",
            "aws_api_gateway_resource.auth_signup",
            "aws_api_gateway_rest_api.api",
            "module.auth_lambda.aws_iam_role.lambda_exec_role",
            "module.auth_lambda.aws_lambda_function.function",
            "module.auth_lambda.data.archive_file.lambda_zip",
            "module.cognito.aws_cognito_user_pool.main",
            "module.cognito.aws_cognito_user_pool_client.main"
          ],
          "create_before_destroy": true
        }
      ]
    },
    {
      "mode": "managed",
      "type": "aws_api_gateway_integration",
      "name": "onboarding_options",
      "provider": "provider[\"registry.terraform.io/hashicorp/aws\"]",
      "instances": [
        {
          "schema_version": 0,
          "attributes": {
            "cache_key_parameters": [],
            "cache_namespace": "m1yth2",
            "connection_id": "",
            "connection_type": "INTERNET",
            "content_handling": "",
            "credentials": "",
            "http_method": "OPTIONS",
            "id": "agi-pchmrf7nr6-m1yth2-OPTIONS",
            "integration_http_method": "",
            "passthrough_behavior": "WHEN_NO_MATCH",
            "request_parameters": {},
            "request_templates": {
              "application/json": "{\"statusCode\": 200}"
            },
            "resource_id": "m1yth2",
            "rest_api_id": "pchmrf7nr6",
            "timeout_milliseconds": 29000,
            "tls_config": [],
            "type": "MOCK",
            "uri": ""
          },
          "sensitive_attributes": [],
          "identity_schema_version": 0,
          "private": "bnVsbA==",
          "dependencies": [
            "aws_api_gateway_method.onboarding_options",
            "aws_api_gateway_resource.onboarding",
            "aws_api_gateway_resource.onboarding_user",
            "aws_api_gateway_rest_api.api"
          ],
          "create_before_destroy": true
        }
      ]
    },
    {
      "mode": "managed",
      "type": "aws_api_gateway_integration",
      "name": "onboarding_post",
      "provider": "provider[\"registry.terraform.io/hashicorp/aws\"]",
      "instances": [
        {
          "schema_version": 0,
          "attributes": {
            "cache_key_parameters": [],
            "cache_namespace": "m1yth2",
            "connection_id": "",
            "connection_type": "INTERNET",
            "content_handling": "",
            "credentials": "",
            "http_method": "POST",
            "id": "agi-pchmrf7nr6-m1yth2-POST",
            "integration_http_method": "POST",
            "passthrough_behavior": "WHEN_NO_MATCH",
            "request_parameters": {},
            "request_templates": {},
            "resource_id": "m1yth2",
            "rest_api_id": "pchmrf7nr6",
            "timeout_milliseconds": 29000,
            "tls_config": [],
            "type": "AWS_PROXY",
            "uri": "arn:aws:apigateway:us-east-1:lambda:path/2015-03-31/functions/arn:aws:lambda:us-east-1:425720187450:function:animerec-onboarding/invocations"
          },
          "sensitive_attributes": [],
          "identity_schema_version": 0,
          "private": "bnVsbA==",
          "dependencies": [
            "aws_api_gateway_authorizer.cognito",
            "aws_api_gateway_method.onboarding_post",
            "aws_api_gateway_resource.onboarding",
            "aws_api_gateway_resource.onboarding_user",
            "aws_api_gateway_rest_api.api",
            "module.cognito.aws_cognito_user_pool.main",
            "module.dynamodb.aws_dynamodb_table.users",
            "module.onboarding_lambda.aws_iam_role.lambda_exec_role",
            "module.onboarding_lambda.aws_lambda_function.function",
            "module.onboarding_lambda.data.archive_file.lambda_zip"
          ],
          "create_before_destroy": true
        }
      ]
    },
    {
      "mode": "managed",
      "type": "aws_api_gateway_integration",
      "name": "recommendations_get",
      "provider": "provider[\"registry.terraform.io/hashicorp/aws\"]",
      "instances": [
        {
          "schema_version": 0,
          "attributes": {
            "cache_key_parameters": [],
            "cache_namespace": "adqh8t",
            "connection_id": "",
            "connection_type": "INTERNET",
            "content_handling": "",
            "credentials": "",
            "http_method": "GET",
            "id": "agi-pchmrf7nr6-adqh8t-GET",
            "integration_http_method": "POST",
            "passthrough_behavior": "WHEN_NO_MATCH",
            "request_parameters": {},
            "request_templates": {},
            "resource_id": "adqh8t",
            "rest_api_id": "pchmrf7nr6",
            "timeout_milliseconds": 29000,
            "tls_config": [],
            "type": "AWS_PROXY",
            "uri": "arn:aws:apigateway:us-east-1:lambda:path/2015-03-31/functions/arn:aws:lambda:us-east-1:425720187450:function:animerec-recommendation-api/invocations"
          },
          "sensitive_attributes": [],
          "identity_schema_version": 0,
          "private": "bnVsbA==",
          "dependencies": [
            "aws_api_gateway_authorizer.cognito",
            "aws_api_gateway_method.recommendations_get",
            "aws_api_gateway_resource.recommendations",
            "aws_api_gateway_resource.recommendations_user",
            "aws_api_gateway_rest_api.api",
            "module.cognito.aws_cognito_user_pool.main",
            "module.dynamodb.aws_dynamodb_table.anime",
            "module.dynamodb.aws_dynamodb_table.interactions",
            "module.dynamodb.aws_dynamodb_table.recommendation_cache",
            "module.dynamodb.aws_dynamodb_table.users",
            "module.recommendation_api_lambda.aws_iam_role.lambda_exec_role",
            "module.recommendation_api_lambda.aws_lambda_function.function",
            "module.recommendation_api_lambda.data.archive_file.lambda_zip",
            "module.recommendation_worker_lambda.aws_iam_role.lambda_exec_role",
            "module.recommendation_worker_lambda.aws_lambda_function.function",
            "module.recommendation_worker_lambda.data.archive_file.lambda_zip"
          ],
          "create_before_destroy": true
        }
      ]
    },
    {
      "mode": "managed",
      "type": "aws_api_gateway_integration",
      "name": "recommendations_options",
      "provider": "provider[\"registry.terraform.io/hashicorp/aws\"]",
      "instances": [
        {
          "schema_version": 0,
          "attributes": {
            "cache_key_parameters": [],
            "cache_namespace": "adqh8t",
            "connection_id": "",
            "connection_type": "INTERNET",
            "content_handling": "",
            "credentials": "",
            "http_method": "OPTIONS",
            "id": "agi-pchmrf7nr6-adqh8t-OPTIONS",
            "integration_http_method": "",
            "passthrough_behavior": "WHEN_NO_MATCH",
            "request_parameters": {},
            "request_templates": {
              "application/json": "{\"statusCode\": 200}"
            },
            "resource_id": "adqh8t",
            "rest_api_id": "pchmrf7nr6",
            "timeout_milliseconds": 29000,
            "tls_config": [],
            "type": "MOCK",
            "uri": ""
          },
          "sensitive_attributes": [],
          "identity_schema_version": 0,
          "private": "bnVsbA==",
          "dependencies": [
            "aws_api_gateway_method.recommendations_options",
            "aws_api_gateway_resource.recommendations",
            "aws_api_gateway_resource.recommendations_user",
            "aws_api_gateway_rest_api.api"
          ],
          "create_before_destroy": true
        }
      ]
    },
    {
      "mode": "managed",
      "type": "aws_api_gateway_integration",
      "name": "recommendations_post",
      "provider": "provider[\"registry.terraform.io/hashicorp/aws\"]",
      "instances": [
        {
          "schema_version": 0,
          "attributes": {
            "cache_key_parameters": [],
            "cache_namespace": "adqh8t",
            "connection_id": "",
            "connection_type": "INTERNET",
            "content_handling": "",
            "credentials": "",
            "http_method": "POST",
            "id": "agi-pchmrf7nr6-adqh8t-POST",
            "integration_http_method": "POST",
            "passthrough_behavior": "WHEN_NO_MATCH",
            "request_parameters": {},
            "request_templates": {},
            "resource_id": "adqh8t",
            "rest_api_id": "pchmrf7nr6",
            "timeout_milliseconds": 29000,
            "tls_config": [],
            "type": "AWS_PROXY",
            "uri": "arn:aws:apigateway:us-east-1:lambda:path/2015-03-31/functions/arn:aws:lambda:us-east-1:425720187450:function:animerec-recommendation-api/invocations"
          },
          "sensitive_attributes": [],
          "identity_schema_version": 0,
          "private": "bnVsbA==",
          "dependencies": [
            "aws_api_gateway_authorizer.cognito",
            "aws_api_gateway_method.recommendations_post",
            "aws_api_gateway_resource.recommendations",
            "aws_api_gateway_resource.recommendations_user",
            "aws_api_gateway_rest_api.api",
            "module.cognito.aws_cognito_user_pool.main",
            "module.dynamodb.aws_dynamodb_table.anime",
            "module.dynamodb.aws_dynamodb_table.interactions",
            "module.dynamodb.aws_dynamodb_table.recommendation_cache",
            "module.dynamodb.aws_dynamodb_table.users",
            "module.recommendation_api_lambda.aws_iam_role.lambda_exec_role",
            "module.recommendation_api_lambda.aws_lambda_function.function",
            "module.recommendation_api_lambda.data.archive_file.lambda_zip",
            "module.recommendation_worker_lambda.aws_iam_role.lambda_exec_role",
            "module.recommendation_worker_lambda.aws_lambda_function.function",
            "module.recommendation_worker_lambda.data.archive_file.lambda_zip"
          ],
          "create_before_destroy": true
        }
      ]
    },
    {
      "mode": "managed",
      "type": "aws_api_gateway_integration_response",
      "name": "auth_login_options",
      "provider": "provider[\"registry.terraform.io/hashicorp/aws\"]",
      "instances": [
        {
          "schema_version": 0,
          "attributes": {
            "content_handling": "",
            "http_method": "OPTIONS",
            "id": "agir-pchmrf7nr6-4dlqqu-OPTIONS-200",
            "resource_id": "4dlqqu",
            "response_parameters": {
              "method.response.header.Access-Control-Allow-Headers": "'Content-Type,Authorization'",
              "method.response.header.Access-Control-Allow-Methods": "'OPTIONS,POST'",
              "method.response.header.Access-Control-Allow-Origin": "'http://localhost:3000 http://localhost:3001'"
            },
            "response_templates": {},
            "rest_api_id": "pchmrf7nr6",
            "selection_pattern": "",
            "status_code": "200"
          },
          "sensitive_attributes": [],
          "identity_schema_version": 0,
          "private": "bnVsbA==",
          "dependencies": [
            "aws_api_gateway_method.auth_login_options",
            "aws_api_gateway_method_response.auth_login_options",
            "aws_api_gateway_resource.auth",
            "aws_api_gateway_resource.auth_login",
            "aws_api_gateway_rest_api.api"
          ]
        }
      ]
    },
    {
      "mode": "managed",
      "type": "aws_api_gateway_integration_response",
      "name": "auth_signup_options",
      "provider": "provider[\"registry.terraform.io/hashicorp/aws\"]",
      "instances": [
        {
          "schema_version": 0,
          "attributes": {
            "content_handling": "",
            "http_method": "OPTIONS",
            "id": "agir-pchmrf7nr6-8xzpea-OPTIONS-200",
            "resource_id": "8xzpea",
            "response_parameters": {
              "method.response.header.Access-Control-Allow-Headers": "'Content-Type,Authorization'",
              "method.response.header.Access-Control-Allow-Methods": "'OPTIONS,POST'",
              "method.response.header.Access-Control-Allow-Origin": "'http://localhost:3000 http://localhost:3001'"
            },
            "response_templates": {},
            "rest_api_id": "pchmrf7nr6",
            "selection_pattern": "",
            "status_code": "200"
          },
          "sensitive_attributes": [],
          "identity_schema_version": 0,
          "private": "bnVsbA==",
          "dependencies": [
            "aws_api_gateway_method.auth_signup_options",
            "aws_api_gateway_method_response.auth_signup_options",
            "aws_api_gateway_resource.auth",
            "aws_api_gateway_resource.auth_signup",
            "aws_api_gateway_rest_api.api"
          ]
        }
      ]
    },
    {
      "mode": "managed",
      "type": "aws_api_gateway_integration_response",
      "name": "onboarding_options",
      "provider": "provider[\"registry.terraform.io/hashicorp/aws\"]",
      "instances": [
        {
          "schema_version": 0,
          "attributes": {
            "content_handling": "",
            "http_method": "OPTIONS",
            "id": "agir-pchmrf7nr6-m1yth2-OPTIONS-200",
            "resource_id": "m1yth2",
            "response_parameters": {
              "method.response.header.Access-Control-Allow-Headers": "'Content-Type,Authorization'",
              "method.response.header.Access-Control-Allow-Methods": "'OPTIONS,POST'",
              "method.response.header.Access-Control-Allow-Origin": "'http://localhost:3000 http://localhost:3001'"
            },
            "response_templates": {},
            "rest_api_id": "pchmrf7nr6",
            "selection_pattern": "",
            "status_code": "200"
          },
          "sensitive_attributes": [],
          "identity_schema_version": 0,
          "private": "bnVsbA==",
          "dependencies": [
            "aws_api_gateway_method.onboarding_options",
            "aws_api_gateway_method_response.onboarding_options",
            "aws_api_gateway_resource.onboarding",
            "aws_api_gateway_resource.onboarding_user",
            "aws_api_gateway_rest_api.api"
          ]
        }
      ]
    },
    {
      "mode": "managed",
      "type": "aws_api_gateway_integration_response",
      "name": "recommendations_options",
      "provider": "provider[\"registry.terraform.io/hashicorp/aws\"]",
      "instances": [
        {
          "schema_version": 0,
          "attributes": {
            "content_handling": "",
            "http_method": "OPTIONS",
            "id": "agir-pchmrf7nr6-adqh8t-OPTIONS-200",
            "resource_id": "adqh8t",
            "response_parameters": {
              "method.response.header.Access-Control-Allow-Headers": "'Content-Type,Authorization'",
              "method.response.header.Access-Control-Allow-Methods": "'OPTIONS,GET,POST'",
              "method.response.header.Access-Control-Allow-Origin": "'http://localhost:3000 http://localhost:3001'"
            },
            "response_templates": {},
            "rest_api_id": "pchmrf7nr6",
            "selection_pattern": "",
            "status_code": "200"
          },
          "sensitive_attributes": [],
          "identity_schema_version": 0,
          "private": "bnVsbA==",
          "dependencies": [
            "aws_api_gateway_method.recommendations_options",
            "aws_api_gateway_method_response.recommendations_options",
            "aws_api_gateway_resource.recommendations",
            "aws_api_gateway_resource.recommendations_user",
            "aws_api_gateway_rest_api.api"
          ]
        }
      ]
    },
    {
      "mode": "managed",
      "type": "aws_api_gateway_method",
      "name": "auth_login_options",
      "provider": "provider[\"registry.terraform.io/hashicorp/aws\"]",
      "instances": [
        {
          "schema_version": 0,
          "attributes": {
            "api_key_required": false,
            "authorization": "NONE",
            "authorization_scopes": [],
            "authorizer_id": "",
            "http_method": "OPTIONS",
            "id": "agm-pchmrf7nr6-4dlqqu-OPTIONS",
            "operation_name": "",
            "request_models": {},
            "request_parameters": {},
            "request_validator_id": "",
            "resource_id": "4dlqqu",
            "rest_api_id": "pchmrf7nr6"
          },
          "sensitive_attributes": [],
          "identity_schema_version": 0,
          "private": "bnVsbA==",
          "dependencies": [
            "aws_api_gateway_resource.auth",
            "aws_api_gateway_resource.auth_login",
            "aws_api_gateway_rest_api.api"
          ],
          "create_before_destroy": true
        }
      ]
    },
    {
      "mode": "managed",
      "type": "aws_api_gateway_method",
      "name": "auth_login_post",
      "provider": "provider[\"registry.terraform.io/hashicorp/aws\"]",
      "instances": [
        {
          "schema_version": 0,
          "attributes": {
            "api_key_required": false,
            "authorization": "NONE",
            "authorization_scopes": [],
            "authorizer_id": "",
            "http_method": "POST",
            "id": "agm-pchmrf7nr6-4dlqqu-POST",
            "operation_name": "",
            "request_models": {},
            "request_parameters": {},
            "request_validator_id": "",
            "resource_id": "4dlqqu",
            "rest_api_id": "pchmrf7nr6"
          },
          "sensitive_attributes": [],
          "identity_schema_version": 0,
          "private": "bnVsbA==",
          "dependencies": [
            "aws_api_gateway_resource.auth",
            "aws_api_gateway_resource.auth_login",
            "aws_api_gateway_rest_api.api"
          ],
          "create_before_destroy": true
        }
      ]
    },
    {
      "mode": "managed",
      "type": "aws_api_gateway_method",
      "name": "auth_signup_options",
      "provider": "provider[\"registry.terraform.io/hashicorp/aws\"]",
      "instances": [
        {
          "schema_version": 0,
          "attributes": {
            "api_key_required": false,
            "authorization": "NONE",
            "authorization_scopes": [],
            "authorizer_id": "",
            "http_method": "OPTIONS",
            "id": "agm-pchmrf7nr6-8xzpea-OPTIONS",
            "operation_name": "",
            "request_models": {},
            "request_parameters": {},
            "request_validator_id": "",
            "resource_id": "8xzpea",
            "rest_api_id": "pchmrf7nr6"
          },
          "sensitive_attributes": [],
          "identity_schema_version": 0,
          "private": "bnVsbA==",
          "dependencies": [
            "aws_api_gateway_resource.auth",
            "aws_api_gateway_resource.auth_signup",
            "aws_api_gateway_rest_api.api"
          ],
          "create_before_destroy": true
        }
      ]
    },
    {
      "mode": "managed",
      "type": "aws_api_gateway_method",
      "name": "auth_signup_post",
      "provider": "provider[\"registry.terraform.io/hashicorp/aws\"]",
      "instances": [
        {
          "schema_version": 0,
          "attributes": {
            "api_key_required": false,
            "authorization": "NONE",
            "authorization_scopes": [],
            "authorizer_id": "",
            "http_method": "POST",
            "id": "agm-pchmrf7nr6-8xzpea-POST",
            "operation_name": "",
            "request_models": {},
            "request_parameters": {},
            "request_validator_id": "",
            "resource_id": "8xzpea",
            "rest_api_id": "pchmrf7nr6"
          },
          "sensitive_attributes": [],
          "identity_schema_version": 0,
          "private": "bnVsbA==",
          "dependencies": [
            "aws_api_gateway_resource.auth",
            "aws_api_gateway_resource.auth_signup",
            "aws_api_gateway_rest_api.api"
          ],
          "create_before_destroy": true
        }
      ]
    },
    {
      "mode": "managed",
      "type": "aws_api_gateway_method",
      "name": "onboarding_options",
      "provider": "provider[\"registry.terraform.io/hashicorp/aws\"]",
      "instances": [
        {
          "schema_version": 0,
          "attributes": {
            "api_key_required": false,
            "authorization": "NONE",
            "authorization_scopes": [],
            "authorizer_id": "",
            "http_method": "OPTIONS",
            "id": "agm-pchmrf7nr6-m1yth2-OPTIONS",
            "operation_name": "",
            "request_models": {},
            "request_parameters": {},
            "request_validator_id": "",
            "resource_id": "m1yth2",
            "rest_api_id": "pchmrf7nr6"
          },
          "sensitive_attributes": [],
          "identity_schema_version": 0,
          "private": "bnVsbA==",
          "dependencies": [
            "aws_api_gateway_resource.onboarding",
            "aws_api_gateway_resource.onboarding_user",
            "aws_api_gateway_rest_api.api"
          ],
          "create_before_destroy": true
        }
      ]
    },
    {
      "mode": "managed",
      "type": "aws_api_gateway_method",
      "name": "onboarding_post",
      "provider": "provider[\"registry.terraform.io/hashicorp/aws\"]",
      "instances": [
        {
          "schema_version": 0,
          "attributes": {
            "api_key_required": false,
            "authorization": "COGNITO_USER_POOLS",
            "authorization_scopes": [],
            "authorizer_id": "ncn4na",
            "http_method": "POST",
            "id": "agm-pchmrf7nr6-m1yth2-POST",
            "operation_name": "",
            "request_models": {},
            "request_parameters": {
              "method.request.header.Authorization": true
            },
            "request_validator_id": "",
            "resource_id": "m1yth2",
            "rest_api_id": "pchmrf7nr6"
          },
          "sensitive_attributes": [],
          "identity_schema_version": 0,
          "private": "bnVsbA==",
          "dependencies": [
            "aws_api_gateway_authorizer.cognito",
            "aws_api_gateway_resource.onboarding",
            "aws_api_gateway_resource.onboarding_user",
            "aws_api_gateway_rest_api.api",
            "module.cognito.aws_cognito_user_pool.main"
          ],
          "create_before_destroy": true
        }
      ]
    },
    {
      "mode": "managed",
      "type": "aws_api_gateway_method",
      "name": "recommendations_get",
      "provider": "provider[\"registry.terraform.io/hashicorp/aws\"]",
      "instances": [
        {
          "schema_version": 0,
          "attributes": {
            "api_key_required": false,
            "authorization": "COGNITO_USER_POOLS",
            "authorization_scopes": [],
            "authorizer_id": "ncn4na",
            "http_method": "GET",
            "id": "agm-pchmrf7nr6-adqh8t-GET",
            "operation_name": "",
            "request_models": {},
            "request_parameters": {
              "method.request.header.Authorization": true
            },
            "request_validator_id": "",
            "resource_id": "adqh8t",
            "rest_api_id": "pchmrf7nr6"
          },
          "sensitive_attributes": [],
          "identity_schema_version": 0,
          "private": "bnVsbA==",
          "dependencies": [
            "aws_api_gateway_authorizer.cognito",
            "aws_api_gateway_resource.recommendations",
            "aws_api_gateway_resource.recommendations_user",
            "aws_api_gateway_rest_api.api",
            "module.cognito.aws_cognito_user_pool.main"
          ],
          "create_before_destroy": true
        }
      ]
    },
    {
      "mode": "managed",
      "type": "aws_api_gateway_method",
      "name": "recommendations_options",
      "provider": "provider[\"registry.terraform.io/hashicorp/aws\"]",
      "instances": [
        {
          "schema_version": 0,
          "attributes": {
            "api_key_required": false,
            "authorization": "NONE",
            "authorization_scopes": [],
            "authorizer_id": "",
            "http_method": "OPTIONS",
            "id": "agm-pchmrf7nr6-adqh8t-OPTIONS",
            "operation_name": "",
            "request_models": {},
            "request_parameters": {},
            "request_validator_id": "",
            "resource_id": "adqh8t",
            "rest_api_id": "pchmrf7nr6"
          },
          "sensitive_attributes": [],
          "identity_schema_version": 0,
          "private": "bnVsbA==",
          "dependencies": [
            "aws_api_gateway_resource.recommendations",
            "aws_api_gateway_resource.recommendations_user",
            "aws_api_gateway_rest_api.api"
          ],
          "create_before_destroy": true
        }
      ]
    },
    {
      "mode": "managed",
      "type": "aws_api_gateway_method",
      "name": "recommendations_post",
      "provider": "provider[\"registry.terraform.io/hashicorp/aws\"]",
      "instances": [
        {
          "schema_version": 0,
          "attributes": {
            "api_key_required": false,
            "authorization": "COGNITO_USER_POOLS",
            "authorization_scopes": [],
            "authorizer_id": "ncn4na",
            "http_method": "POST",
            "id": "agm-pchmrf7nr6-adqh8t-POST",
            "operation_name": "",
            "request_models": {},
            "request_parameters": {
              "method.request.header.Authorization": true
            },
            "request_validator_id": "",
            "resource_id": "adqh8t",
            "rest_api_id": "pchmrf7nr6"
          },
          "sensitive_attributes": [],
          "identity_schema_version": 0,
          "private": "bnVsbA==",
          "dependencies": [
            "aws_api_gateway_authorizer.cognito",
            "aws_api_gateway_resource.recommendations",
            "aws_api_gateway_resource.recommendations_user",
            "aws_api_gateway_rest_api.api",
            "module.cognito.aws_cognito_user_pool.main"
          ],
          "create_before_destroy": true
        }
      ]
    },
    {
      "mode": "managed",
      "type": "aws_api_gateway_method_response",
      "name": "auth_login_options",
      "provider": "provider[\"registry.terraform.io/hashicorp/aws\"]",
      "instances": [
        {
          "schema_version": 0,
          "attributes": {
            "http_method": "OPTIONS",
            "id": "agmr-pchmrf7nr6-4dlqqu-OPTIONS-200",
            "resource_id": "4dlqqu",
            "response_models": {},
            "response_parameters": {
              "method.response.header.Access-Control-Allow-Headers": true,
              "method.response.header.Access-Control-Allow-Methods": true,
              "method.response.header.Access-Control-Allow-Origin": true
            },
            "rest_api_id": "pchmrf7nr6",
            "status_code": "200"
          },
          "sensitive_attributes": [],
          "identity_schema_version": 0,
          "private": "bnVsbA==",
          "dependencies": [
            "aws_api_gateway_method.auth_login_options",
            "aws_api_gateway_resource.auth",
            "aws_api_gateway_resource.auth_login",
            "aws_api_gateway_rest_api.api"
          ]
        }
      ]
    },
    {
      "mode": "managed",
      "type": "aws_api_gateway_method_response",
      "name": "auth_signup_options",
      "provider": "provider[\"registry.terraform.io/hashicorp/aws\"]",
      "instances": [
        {
          "schema_version": 0,
          "attributes": {
            "http_method": "OPTIONS",
            "id": "agmr-pchmrf7nr6-8xzpea-OPTIONS-200",
            "resource_id": "8xzpea",
            "response_models": {},
            "response_parameters": {
              "method.response.header.Access-Control-Allow-Headers": true,
              "method.response.header.Access-Control-Allow-Methods": true,
              "method.response.header.Access-Control-Allow-Origin": true
            },
            "rest_api_id": "pchmrf7nr6",
            "status_code": "200"
          },
          "sensitive_attributes": [],
          "identity_schema_version": 0,
          "private": "bnVsbA==",
          "dependencies": [
            "aws_api_gateway_method.auth_signup_options",
            "aws_api_gateway_resource.auth",
            "aws_api_gateway_resource.auth_signup",
            "aws_api_gateway_rest_api.api"
          ]
        }
      ]
    },
    {
      "mode": "managed",
      "type": "aws_api_gateway_method_response",
      "name": "onboarding_options",
      "provider": "provider[\"registry.terraform.io/hashicorp/aws\"]",
      "instances": [
        {
          "schema_version": 0,
          "attributes": {
            "http_method": "OPTIONS",
            "id": "agmr-pchmrf7nr6-m1yth2-OPTIONS-200",
            "resource_id": "m1yth2",
            "response_models": {},
            "response_parameters": {
              "method.response.header.Access-Control-Allow-Headers": true,
              "method.response.header.Access-Control-Allow-Methods": true,
              "method.response.header.Access-Control-Allow-Origin": true
            },
            "rest_api_id": "pchmrf7nr6",
            "status_code": "200"
          },
          "sensitive_attributes": [],
          "identity_schema_version": 0,
          "private": "bnVsbA==",
          "dependencies": [
            "aws_api_gateway_method.onboarding_options",
            "aws_api_gateway_resource.onboarding",
            "aws_api_gateway_resource.onboarding_user",
            "aws_api_gateway_rest_api.api"
          ]
        }
      ]
    },
    {
      "mode": "managed",
      "type": "aws_api_gateway_method_response",
      "name": "recommendations_options",
      "provider": "provider[\"registry.terraform.io/hashicorp/aws\"]",
      "instances": [
        {
          "schema_version": 0,
          "attributes": {
            "http_method": "OPTIONS",
            "id": "agmr-pchmrf7nr6-adqh8t-OPTIONS-200",
            "resource_id": "adqh8t",
            "response_models": {},
            "response_parameters": {
              "method.response.header.Access-Control-Allow-Headers": true,
              "method.response.header.Access-Control-Allow-Methods": true,
              "method.response.header.Access-Control-Allow-Origin": true
            },
            "rest_api_id": "pchmrf7nr6",
            "status_code": "200"
          },
          "sensitive_attributes": [],
          "identity_schema_version": 0,
          "private": "bnVsbA==",
          "dependencies": [
            "aws_api_gateway_method.recommendations_options",
            "aws_api_gateway_resource.recommendations",
            "aws_api_gateway_resource.recommendations_user",
            "aws_api_gateway_rest_api.api"
          ]
        }
      ]
    },
    {
      "mode": "managed",
      "type": "aws_api_gateway_resource",
      "name": "auth",
      "provider": "provider[\"registry.terraform.io/hashicorp/aws\"]",
      "instances": [
        {
          "schema_version": 0,
          "attributes": {
            "id": "71uf60",
            "parent_id": "ildmkp370c",
            "path": "/auth",
            "path_part": "auth",
            "rest_api_id": "pchmrf7nr6"
          },
          "sensitive_attributes": [],
          "identity_schema_version": 0,
          "private": "bnVsbA==",
          "dependencies": [
            "aws_api_gateway_rest_api.api"
          ],
          "create_before_destroy": true
        }
      ]
    },
    {
      "mode": "managed",
      "type": "aws_api_gateway_resource",
      "name": "auth_login",
      "provider": "provider[\"registry.terraform.io/hashicorp/aws\"]",
      "instances": [
        {
          "schema_version": 0,
          "attributes": {
            "id": "4dlqqu",
            "parent_id": "71uf60",
            "path": "/auth/login",
            "path_part": "login",
            "rest_api_id": "pchmrf7nr6"
          },
          "sensitive_attributes": [],
          "identity_schema_version": 0,
          "private": "bnVsbA==",
          "dependencies": [
            "aws_api_gateway_resource.auth",
            "aws_api_gateway_rest_api.api"
          ],
          "create_before_destroy": true
        }
      ]
    },
    {
      "mode": "managed",
      "type": "aws_api_gateway_resource",
      "name": "auth_signup",
      "provider": "provider[\"registry.terraform.io/hashicorp/aws\"]",
      "instances": [
        {
          "schema_version": 0,
          "attributes": {
            "id": "8xzpea",
            "parent_id": "71uf60",
            "path": "/auth/signup",
            "path_part": "signup",
            "rest_api_id": "pchmrf7nr6"
          },
          "sensitive_attributes": [],
          "identity_schema_version": 0,
          "private": "bnVsbA==",
          "dependencies": [
            "aws_api_gateway_resource.auth",
            "aws_api_gateway_rest_api.api"
          ],
          "create_before_destroy": true
        }
      ]
    },
    {
      "mode": "managed",
      "type": "aws_api_gateway_resource",
      "name": "onboarding",
      "provider": "provider[\"registry.terraform.io/hashicorp/aws\"]",
      "instances": [
        {
          "schema_version": 0,
          "attributes": {
            "id": "3uo0oq",
            "parent_id": "ildmkp370c",
            "path": "/onboarding",
            "path_part": "onboarding",
            "rest_api_id": "pchmrf7nr6"
          },
          "sensitive_attributes": [],
          "identity_schema_version": 0,
          "private": "bnVsbA==",
          "dependencies": [
            "aws_api_gateway_rest_api.api"
          ],
          "create_before_destroy": true
        }
      ]
    },
    {
      "mode": "managed",
      "type": "aws_api_gateway_resource",
      "name": "onboarding_user",
      "provider": "provider[\"registry.terraform.io/hashicorp/aws\"]",
      "instances": [
        {
          "schema_version": 0,
          "attributes": {
            "id": "m1yth2",
            "parent_id": "3uo0oq",
            "path": "/onboarding/{userId}",
            "path_part": "{userId}",
            "rest_api_id": "pchmrf7nr6"
          },
          "sensitive_attributes": [],
          "identity_schema_version": 0,
          "private": "bnVsbA==",
          "dependencies": [
            "aws_api_gateway_resource.onboarding",
            "aws_api_gateway_rest_api.api"
          ],
          "create_before_destroy": true
        }
      ]
    },
    {
      "mode": "managed",
      "type": "aws_api_gateway_resource",
      "name": "recommendations",
      "provider": "provider[\"registry.terraform.io/hashicorp/aws\"]",
      "instances": [
        {
          "schema_version": 0,
          "attributes": {
            "id": "0vxiqq",
            "parent_id": "ildmkp370c",
            "path": "/recommendations",
            "path_part": "recommendations",
            "rest_api_id": "pchmrf7nr6"
          },
          "sensitive_attributes": [],
          "identity_schema_version": 0,
          "private": "bnVsbA==",
          "dependencies": [
            "aws_api_gateway_rest_api.api"
          ],
          "create_before_destroy": true
        }
      ]
    },
    {
      "mode": "managed",
      "type": "aws_api_gateway_resource",
      "name": "recommendations_user",
      "provider": "provider[\"registry.terraform.io/hashicorp/aws\"]",
      "instances": [
        {
          "schema_version": 0,
          "attributes": {
            "id": "adqh8t",
            "parent_id": "0vxiqq",
            "path": "/recommendations/{userId}",
            "path_part": "{userId}",
            "rest_api_id": "pchmrf7nr6"
          },
          "sensitive_attributes": [],
          "identity_schema_version": 0,
          "private": "bnVsbA==",
          "dependencies": [
            "aws_api_gateway_resource.recommendations",
            "aws_api_gateway_rest_api.api"
          ],
          "create_before_destroy": true
        }
      ]
    },
    {
      "mode": "managed",
      "type": "aws_api_gateway_rest_api",
      "name": "api",
      "provider": "provider[\"registry.terraform.io/hashicorp/aws\"]",
      "instances": [
        {
          "schema_version": 0,
          "attributes": {
            "api_key_source": "HEADER",
            "arn": "arn:aws:apigateway:us-east-1::/restapis/pchmrf7nr6",
            "binary_media_types": [],
            "body": null,
            "created_date": "2026-01-30T03:01:41Z",
            "description": "",
            "disable_execute_api_endpoint": false,
            "endpoint_configuration": [
              {
                "types": [
                  "EDGE"
                ],
                "vpc_endpoint_ids": []
              }
            ],
            "execution_arn": "arn:aws:execute-api:us-east-1:425720187450:pchmrf7nr6",
            "fail_on_warnings": null,
            "id": "pchmrf7nr6",
            "minimum_compression_size": -1,
            "name": "animerec-api",
            "parameters": null,
            "policy": "",
            "put_rest_api_mode": null,
            "root_resource_id": "ildmkp370c",
            "tags": {},
            "tags_all": {}
          },
          "sensitive_attributes": [],
          "identity_schema_version": 0,
          "private": "bnVsbA==",
          "create_before_destroy": true
        }
      ]
    },
    {
      "mode": "managed",
      "type": "aws_api_gateway_stage",
      "name": "dev",
      "provider": "provider[\"registry.terraform.io/hashicorp/aws\"]",
      "instances": [
        {
          "schema_version": 0,
          "attributes": {
            "access_log_settings": [],
            "arn": "arn:aws:apigateway:us-east-1::/restapis/pchmrf7nr6/stages/dev",
            "cache_cluster_enabled": false,
            "cache_cluster_size": "",
            "canary_settings": [],
            "client_certificate_id": "",
            "deployment_id": "ejz8rn",
            "description": "",
            "documentation_version": "",
            "execution_arn": "arn:aws:execute-api:us-east-1:425720187450:pchmrf7nr6/dev",
            "id": "ags-pchmrf7nr6-dev",
            "invoke_url": "https://pchmrf7nr6.execute-api.us-east-1.amazonaws.com/dev",
            "rest_api_id": "pchmrf7nr6",
            "stage_name": "dev",
            "tags": {},
            "tags_all": {},
            "variables": {},
            "web_acl_arn": "",
            "xray_tracing_enabled": false
          },
          "sensitive_attributes": [],
          "identity_schema_version": 0,
          "private": "bnVsbA==",
          "dependencies": [
            "aws_api_gateway_authorizer.cognito",
            "aws_api_gateway_deployment.api_deployment",
            "aws_api_gateway_integration.auth_login_options",
            "aws_api_gateway_integration.auth_login_post",
            "aws_api_gateway_integration.auth_signup_options",
            "aws_api_gateway_integration.auth_signup_post",
            "aws_api_gateway_integration.onboarding_options",
            "aws_api_gateway_integration.onboarding_post",
            "aws_api_gateway_integration.recommendations_get",
            "aws_api_gateway_integration.recommendations_options",
            "aws_api_gateway_integration.recommendations_post",
            "aws_api_gateway_method.auth_login_options",
            "aws_api_gateway_method.auth_login_post",
            "aws_api_gateway_method.auth_signup_options",
            "aws_api_gateway_method.auth_signup_post",
            "aws_api_gateway_method.onboarding_options",
            "aws_api_gateway_method.onboarding_post",
            "aws_api_gateway_method.recommendations_get",
            "aws_api_gateway_method.recommendations_options",
            "aws_api_gateway_method.recommendations_post",
            "aws_api_gateway_resource.auth",
            "aws_api_gateway_resource.auth_login",
            "aws_api_gateway_resource.auth_signup",
            "aws_api_gateway_resource.onboarding",
            "aws_api_gateway_resource.onboarding_user",
            "aws_api_gateway_resource.recommendations",
            "aws_api_gateway_resource.recommendations_user",
            "aws_api_gateway_rest_api.api",
            "module.auth_lambda.aws_iam_role.lambda_exec_role",
            "module.auth_lambda.aws_lambda_function.function",
            "module.auth_lambda.data.archive_file.lambda_zip",
            "module.cognito.aws_cognito_user_pool.main",
            "module.cognito.aws_cognito_user_pool_client.main",
            "module.dynamodb.aws_dynamodb_table.anime",
            "module.dynamodb.aws_dynamodb_table.interactions",
            "module.dynamodb.aws_dynamodb_table.recommendation_cache",
            "module.dynamodb.aws_dynamodb_table.users",
            "module.onboarding_lambda.aws_iam_role.lambda_exec_role",
            "module.onboarding_lambda.aws_lambda_function.function",
            "module.onboarding_lambda.data.archive_file.lambda_zip",
            "module.recommendation_api_lambda.aws_iam_role.lambda_exec_role",
            "module.recommendation_api_lambda.aws_lambda_function.function",
            "module.recommendation_api_lambda.data.archive_file.lambda_zip",
            "module.recommendation_worker_lambda.aws_iam_role.lambda_exec_role",
            "module.recommendation_worker_lambda.aws_lambda_function.function",
            "module.recommendation_worker_lambda.data.archive_file.lambda_zip"
          ]
        }
      ]
    },
    {
      "mode": "managed",
      "type": "aws_cloudfront_distribution",
      "name": "frontend_distribution",
      "provider": "provider[\"registry.terraform.io/hashicorp/aws\"]",
      "instances": [
        {
          "schema_version": 1,
          "attributes": {
            "aliases": [],
            "arn": "arn:aws:cloudfront::425720187450:distribution/E3I11PDJJ4K43T",
            "caller_reference": "terraform-20260130042911153100000002",
            "comment": null,
            "custom_error_response": [
              {
                "error_caching_min_ttl": 300,
                "error_code": 403,
                "response_code": 200,
                "response_page_path": "/index.html"
              },
              {
                "error_caching_min_ttl": 300,
                "error_code": 404,
                "response_code": 200,
                "response_page_path": "/index.html"
              }
            ],
            "default_cache_behavior": [
              {
                "allowed_methods": [
                  "GET",
                  "HEAD",
                  "OPTIONS"
                ],
                "cache_policy_id": "",
                "cached_methods": [
                  "GET",
                  "HEAD"
                ],
                "compress": true,
                "default_ttl": 3600,
                "field_level_encryption_id": "",
                "forwarded_values": [
                  {
                    "cookies": [
                      {
                        "forward": "none",
                        "whitelisted_names": []
                      }
                    ],
                    "headers": [],
                    "query_string": false,
                    "query_string_cache_keys": []
                  }
                ],
                "function_association": [],
                "lambda_function_association": [],
                "max_ttl": 86400,
                "min_ttl": 0,
                "origin_request_policy_id": "",
                "realtime_log_config_arn": "",
                "response_headers_policy_id": "",
                "smooth_streaming": false,
                "target_origin_id": "S3Origin",
                "trusted_key_groups": [],
                "trusted_signers": [],
                "viewer_protocol_policy": "redirect-to-https"
              }
            ],
            "default_root_object": "",
            "domain_name": "d9h4mfcv2arh5.cloudfront.net",
            "enabled": true,
            "etag": "E23ZP02F085DFQ",
            "hosted_zone_id": "Z2FDTNDATAQYW2",
            "http_version": "http2",
            "id": "E3I11PDJJ4K43T",
            "in_progress_validation_batches": 0,
            "is_ipv6_enabled": false,
            "last_modified_time": "2026-01-30 04:29:11.195 +0000 UTC",
            "logging_config": [],
            "ordered_cache_behavior": [],
            "origin": [
              {
                "connection_attempts": 3,
                "connection_timeout": 10,
                "custom_header": [],
                "custom_origin_config": [],
                "domain_name": "animerec-frontend-425720187450.s3.amazonaws.com",
                "origin_access_control_id": "",
                "origin_id": "S3Origin",
                "origin_path": "",
                "origin_shield": [],
                "s3_origin_config": [
                  {
                    "origin_access_identity": "origin-access-identity/cloudfront/E1W7MJKC75I8SS"
                  }
                ]
              }
            ],
            "origin_group": [],
            "price_class": "PriceClass_All",
            "restrictions": [
              {
                "geo_restriction": [
                  {
                    "locations": [],
                    "restriction_type": "none"
                  }
                ]
              }
            ],
            "retain_on_delete": false,
            "status": "Deployed",
            "tags": {
              "Environment": "dev",
              "Name": "animerec-frontend-distribution",
              "Project": "animerec"
            },
            "tags_all": {
              "Environment": "dev",
              "Name": "animerec-frontend-distribution",
              "Project": "animerec"
            },
            "trusted_key_groups": [
              {
                "enabled": false,
                "items": []
              }
            ],
            "trusted_signers": [
              {
                "enabled": false,
                "items": []
              }
            ],
            "viewer_certificate": [
              {
                "acm_certificate_arn": "",
                "cloudfront_default_certificate": true,
                "iam_certificate_id": "",
                "minimum_protocol_version": "TLSv1",
                "ssl_support_method": ""
              }
            ],
            "wait_for_deployment": true,
            "web_acl_id": ""
          },
          "sensitive_attributes": [],
          "identity_schema_version": 0,
          "private": "eyJzY2hlbWFfdmVyc2lvbiI6IjEifQ==",
          "dependencies": [
            "aws_cloudfront_origin_access_identity.frontend_oai",
            "aws_s3_bucket.frontend_bucket",
            "data.aws_caller_identity.current"
          ]
        }
      ]
    },
    {
      "mode": "managed",
      "type": "aws_cloudfront_origin_access_identity",
      "name": "frontend_oai",
      "provider": "provider[\"registry.terraform.io/hashicorp/aws\"]",
      "instances": [
        {
          "schema_version": 0,
          "attributes": {
            "caller_reference": "terraform-20260130042910161800000001",
            "cloudfront_access_identity_path": "origin-access-identity/cloudfront/E1W7MJKC75I8SS",
            "comment": "OAI for animerec frontend",
            "etag": "ETVPDKIKX0DER",
            "iam_arn": "arn:aws:iam::cloudfront:user/CloudFront Origin Access Identity E1W7MJKC75I8SS",
            "id": "E1W7MJKC75I8SS",
            "s3_canonical_user_id": "949370ea322b35ff96aeb2eb7ca7f148ab295f057a5060162b10a24ee3ac2a1fcc05c26786289c9eec8e89996742c1df"
          },
          "sensitive_attributes": [],
          "identity_schema_version": 0,
          "private": "bnVsbA=="
        }
      ]
    },
    {
      "mode": "managed",
      "type": "aws_iam_role_policy",
      "name": "auth_policy",
      "provider": "provider[\"registry.terraform.io/hashicorp/aws\"]",
      "instances": [
        {
          "schema_version": 0,
          "attributes": {
            "id": "animerec-auth-lambda-exec:animerec-auth-policy",
            "name": "animerec-auth-policy",
            "name_prefix": null,
            "policy": "{\"Version\":\"2012-10-17\",\"Statement\":[{\"Action\":[\"cognito-idp:SignUp\",\"cognito-idp:AdminConfirmSignUp\",\"cognito-idp:AdminInitiateAuth\"],\"Effect\":\"Allow\",\"Resource\":\"arn:aws:cognito-idp:us-east-1:425720187450:userpool/us-east-1_FNOzzljx2\"}]}",
            "role": "animerec-auth-lambda-exec"
          },
          "sensitive_attributes": [],
          "identity_schema_version": 0,
          "private": "bnVsbA==",
          "dependencies": [
            "module.auth_lambda.aws_iam_role.lambda_exec_role",
            "module.cognito.aws_cognito_user_pool.main"
          ]
        }
      ]
    },
    {
      "mode": "managed",
      "type": "aws_iam_role_policy",
      "name": "data_ingest_policy",
      "provider": "provider[\"registry.terraform.io/hashicorp/aws\"]",
      "instances": [
        {
          "schema_version": 0,
          "attributes": {
            "id": "animerec-data-ingest-lambda-exec:animerec-data-ingest-policy",
            "name": "animerec-data-ingest-policy",
            "name_prefix": null,
            "policy": "{\"Version\":\"2012-10-17\",\"Statement\":[{\"Action\":[\"s3:GetObject\",\"s3:ListBucket\"],\"Effect\":\"Allow\",\"Resource\":[\"arn:aws:s3:::animerec-data\",\"arn:aws:s3:::animerec-data/*\"]},{\"Action\":[\"dynamodb:BatchWriteItem\",\"dynamodb:GetItem\",\"dynamodb:Query\"],\"Effect\":\"Allow\",\"Resource\":\"arn:aws:dynamodb:us-east-1:425720187450:table/animerec-anime\"}]}",
            "role": "animerec-data-ingest-lambda-exec"
          },
          "sensitive_attributes": [],
          "identity_schema_version": 0,
          "private": "bnVsbA==",
          "dependencies": [
            "aws_s3_bucket.data_bucket",
            "module.data_ingest_lambda.aws_iam_role.lambda_exec_role",
            "module.dynamodb.aws_dynamodb_table.anime"
          ]
        }
      ]
    },
    {
      "mode": "managed",
      "type": "aws_iam_role_policy",
      "name": "onboarding_policy",
      "provider": "provider[\"registry.terraform.io/hashicorp/aws\"]",
      "instances": [
        {
          "schema_version": 0,
          "attributes": {
            "id": "animerec-onboarding-lambda-exec:animerec-onboarding-policy",
            "name": "animerec-onboarding-policy",
            "name_prefix": null,
            "policy": "{\"Version\":\"2012-10-17\",\"Statement\":[{\"Action\":[\"dynamodb:PutItem\"],\"Effect\":\"Allow\",\"Resource\":\"arn:aws:dynamodb:us-east-1:425720187450:table/animerec-users\"}]}",
            "role": "animerec-onboarding-lambda-exec"
          },
          "sensitive_attributes": [],
          "identity_schema_version": 0,
          "private": "bnVsbA==",
          "dependencies": [
            "module.dynamodb.aws_dynamodb_table.users",
            "module.onboarding_lambda.aws_iam_role.lambda_exec_role"
          ]
        }
      ]
    },
    {
      "mode": "managed",
      "type": "aws_iam_role_policy",
      "name": "recommendation_api_policy",
      "provider": "provider[\"registry.terraform.io/hashicorp/aws\"]",
      "instances": [
        {
          "schema_version": 0,
          "attributes": {
            "id": "animerec-recommendation-api-lambda-exec:animerec-recommendation-api-policy",
            "name": "animerec-recommendation-api-policy",
            "name_prefix": null,
            "policy": "{\"Version\":\"2012-10-17\",\"Statement\":[{\"Action\":[\"dynamodb:GetItem\"],\"Effect\":\"Allow\",\"Resource\":\"arn:aws:dynamodb:us-east-1:425720187450:table/animerec-recommendation-cache\"},{\"Action\":[\"lambda:InvokeFunction\"],\"Effect\":\"Allow\",\"Resource\":\"arn:aws:lambda:us-east-1:425720187450:function:animerec-recommendation-worker\"}]}",
            "role": "animerec-recommendation-api-lambda-exec"
          },
          "sensitive_attributes": [],
          "identity_schema_version": 0,
          "private": "bnVsbA==",
          "dependencies": [
            "module.dynamodb.aws_dynamodb_table.anime",
            "module.dynamodb.aws_dynamodb_table.interactions",
            "module.dynamodb.aws_dynamodb_table.recommendation_cache",
            "module.dynamodb.aws_dynamodb_table.users",
            "module.recommendation_api_lambda.aws_iam_role.lambda_exec_role",
            "module.recommendation_worker_lambda.aws_iam_role.lambda_exec_role",
            "module.recommendation_worker_lambda.aws_lambda_function.function",
            "module.recommendation_worker_lambda.data.archive_file.lambda_zip"
          ]
        }
      ]
    },
    {
      "mode": "managed",
      "type": "aws_iam_role_policy",
      "name": "recommendation_worker_policy",
      "provider": "provider[\"registry.terraform.io/hashicorp/aws\"]",
      "instances": [
        {
          "schema_version": 0,
          "attributes": {
            "id": "animerec-recommendation-worker-lambda-exec:animerec-recommendation-worker-policy",
            "name": "animerec-recommendation-worker-policy",
            "name_prefix": null,
            "policy": "{\"Version\":\"2012-10-17\",\"Statement\":[{\"Action\":[\"dynamodb:GetItem\",\"dynamodb:Query\",\"dynamodb:Scan\"],\"Effect\":\"Allow\",\"Resource\":[\"arn:aws:dynamodb:us-east-1:425720187450:table/animerec-users\",\"arn:aws:dynamodb:us-east-1:425720187450:table/animerec-interactions\",\"arn:aws:dynamodb:us-east-1:425720187450:table/animerec-anime\"]},{\"Action\":[\"dynamodb:PutItem\"],\"Effect\":\"Allow\",\"Resource\":\"arn:aws:dynamodb:us-east-1:425720187450:table/animerec-recommendation-cache\"}]}",
            "role": "animerec-recommendation-worker-lambda-exec"
          },
          "sensitive_attributes": [],
          "identity_schema_version": 0,
          "private": "bnVsbA==",
          "dependencies": [
            "module.dynamodb.aws_dynamodb_table.anime",
            "module.dynamodb.aws_dynamodb_table.interactions",
            "module.dynamodb.aws_dynamodb_table.recommendation_cache",
            "module.dynamodb.aws_dynamodb_table.users",
            "module.recommendation_worker_lambda.aws_iam_role.lambda_exec_role"
          ]
        }
      ]
    },
    {
      "mode": "managed",
      "type": "aws_lambda_permission",
      "name": "auth_login_api",
      "provider": "provider[\"registry.terraform.io/hashicorp/aws\"]",
      "instances": [
        {
          "schema_version": 0,
          "attributes": {
            "action": "lambda:InvokeFunction",
            "event_source_token": null,
            "function_name": "animerec-auth",
            "function_url_auth_type": null,
            "id": "AllowAPIGatewayInvokeAuthLogin",
            "principal": "apigateway.amazonaws.com",
            "principal_org_id": null,
            "qualifier": "",
            "source_account": null,
            "source_arn": "arn:aws:execute-api:us-east-1:425720187450:pchmrf7nr6/*/POST/auth/login",
            "statement_id": "AllowAPIGatewayInvokeAuthLogin",
            "statement_id_prefix": ""
          },
          "sensitive_attributes": [],
          "identity_schema_version": 0,
          "private": "bnVsbA==",
          "dependencies": [
            "aws_api_gateway_rest_api.api",
            "module.auth_lambda.aws_iam_role.lambda_exec_role",
            "module.auth_lambda.aws_lambda_function.function",
            "module.auth_lambda.data.archive_file.lambda_zip",
            "module.cognito.aws_cognito_user_pool.main",
            "module.cognito.aws_cognito_user_pool_client.main"
          ]
        }
      ]
    },
    {
      "mode": "managed",
      "type": "aws_lambda_permission",
      "name": "auth_signup_api",
      "provider": "provider[\"registry.terraform.io/hashicorp/aws\"]",
      "instances": [
        {
          "schema_version": 0,
          "attributes": {
            "action": "lambda:InvokeFunction",
            "event_source_token": null,
            "function_name": "animerec-auth",
            "function_url_auth_type": null,
            "id": "AllowAPIGatewayInvokeAuthSignup",
            "principal": "apigateway.amazonaws.com",
            "principal_org_id": null,
            "qualifier": "",
            "source_account": null,
            "source_arn": "arn:aws:execute-api:us-east-1:425720187450:pchmrf7nr6/*/POST/auth/signup",
            "statement_id": "AllowAPIGatewayInvokeAuthSignup",
            "statement_id_prefix": ""
          },
          "sensitive_attributes": [],
          "identity_schema_version": 0,
          "private": "bnVsbA==",
          "dependencies": [
            "aws_api_gateway_rest_api.api",
            "module.auth_lambda.aws_iam_role.lambda_exec_role",
            "module.auth_lambda.aws_lambda_function.function",
            "module.auth_lambda.data.archive_file.lambda_zip",
            "module.cognito.aws_cognito_user_pool.main",
            "module.cognito.aws_cognito_user_pool_client.main"
          ]
        }
      ]
    },
    {
      "mode": "managed",
      "type": "aws_lambda_permission",
      "name": "onboarding_api",
      "provider": "provider[\"registry.terraform.io/hashicorp/aws\"]",
      "instances": [
        {
          "schema_version": 0,
          "attributes": {
            "action": "lambda:InvokeFunction",
            "event_source_token": null,
            "function_name": "animerec-onboarding",
            "function_url_auth_type": null,
            "id": "AllowAPIGatewayInvokeOnboarding",
            "principal": "apigateway.amazonaws.com",
            "principal_org_id": null,
            "qualifier": "",
            "source_account": null,
            "source_arn": "arn:aws:execute-api:us-east-1:425720187450:pchmrf7nr6/*/POST/onboarding/*",
            "statement_id": "AllowAPIGatewayInvokeOnboarding",
            "statement_id_prefix": ""
          },
          "sensitive_attributes": [],
          "identity_schema_version": 0,
          "private": "bnVsbA==",
          "dependencies": [
            "aws_api_gateway_rest_api.api",
            "module.dynamodb.aws_dynamodb_table.users",
            "module.onboarding_lambda.aws_iam_role.lambda_exec_role",
            "module.onboarding_lambda.aws_lambda_function.function",
            "module.onboarding_lambda.data.archive_file.lambda_zip"
          ]
        }
      ]
    },
    {
      "mode": "managed",
      "type": "aws_lambda_permission",
      "name": "recommendations_api_get",
      "provider": "provider[\"registry.terraform.io/hashicorp/aws\"]",
      "instances": [
        {
          "schema_version": 0,
          "attributes": {
            "action": "lambda:InvokeFunction",
            "event_source_token": null,
            "function_name": "animerec-recommendation-api",
            "function_url_auth_type": null,
            "id": "AllowAPIGatewayInvokeRecommendationsGet",
            "principal": "apigateway.amazonaws.com",
            "principal_org_id": null,
            "qualifier": "",
            "source_account": null,
            "source_arn": "arn:aws:execute-api:us-east-1:425720187450:pchmrf7nr6/*/GET/recommendations/*",
            "statement_id": "AllowAPIGatewayInvokeRecommendationsGet",
            "statement_id_prefix": ""
          },
          "sensitive_attributes": [],
          "identity_schema_version": 0,
          "private": "bnVsbA==",
          "dependencies": [
            "aws_api_gateway_rest_api.api",
            "module.dynamodb.aws_dynamodb_table.anime",
            "module.dynamodb.aws_dynamodb_table.interactions",
            "module.dynamodb.aws_dynamodb_table.recommendation_cache",
            "module.dynamodb.aws_dynamodb_table.users",
            "module.recommendation_api_lambda.aws_iam_role.lambda_exec_role",
            "module.recommendation_api_lambda.aws_lambda_function.function",
            "module.recommendation_api_lambda.data.archive_file.lambda_zip",
            "module.recommendation_worker_lambda.aws_iam_role.lambda_exec_role",
            "module.recommendation_worker_lambda.aws_lambda_function.function",
            "module.recommendation_worker_lambda.data.archive_file.lambda_zip"
          ]
        }
      ]
    },
    {
      "mode": "managed",
      "type": "aws_lambda_permission",
      "name": "recommendations_api_post",
      "provider": "provider[\"registry.terraform.io/hashicorp/aws\"]",
      "instances": [
        {
          "schema_version": 0,
          "attributes": {
            "action": "lambda:InvokeFunction",
            "event_source_token": null,
            "function_name": "animerec-recommendation-api",
            "function_url_auth_type": null,
            "id": "AllowAPIGatewayInvokeRecommendationsPost",
            "principal": "apigateway.amazonaws.com",
            "principal_org_id": null,
            "qualifier": "",
            "source_account": null,
            "source_arn": "arn:aws:execute-api:us-east-1:425720187450:pchmrf7nr6/*/POST/recommendations/*",
            "statement_id": "AllowAPIGatewayInvokeRecommendationsPost",
            "statement_id_prefix": ""
          },
          "sensitive_attributes": [],
          "identity_schema_version": 0,
          "private": "bnVsbA==",
          "dependencies": [
            "aws_api_gateway_rest_api.api",
            "module.dynamodb.aws_dynamodb_table.anime",
            "module.dynamodb.aws_dynamodb_table.interactions",
            "module.dynamodb.aws_dynamodb_table.recommendation_cache",
            "module.dynamodb.aws_dynamodb_table.users",
            "module.recommendation_api_lambda.aws_iam_role.lambda_exec_role",
            "module.recommendation_api_lambda.aws_lambda_function.function",
            "module.recommendation_api_lambda.data.archive_file.lambda_zip",
            "module.recommendation_worker_lambda.aws_iam_role.lambda_exec_role",
            "module.recommendation_worker_lambda.aws_lambda_function.function",
            "module.recommendation_worker_lambda.data.archive_file.lambda_zip"
          ]
        }
      ]
    },
    {
      "mode": "managed",
      "type": "aws_s3_bucket",
      "name": "data_bucket",
      "provider": "provider[\"registry.terraform.io/hashicorp/aws\"]",
      "instances": [
        {
          "schema_version": 0,
          "attributes": {
            "acceleration_status": "",
            "acl": null,
            "arn": "arn:aws:s3:::animerec-data",
            "bucket": "animerec-data",
            "bucket_domain_name": "animerec-data.s3.amazonaws.com",
            "bucket_prefix": "",
            "bucket_regional_domain_name": "animerec-data.s3.amazonaws.com",
            "cors_rule": [],
            "force_destroy": false,
            "grant": [
              {
                "id": "30d099e6e0aa9de5e14d99f0b998c0e09be3ce6c5b894b1cb74662ef37d6e9ae",
                "permissions": [
                  "FULL_CONTROL"
                ],
                "type": "CanonicalUser",
                "uri": ""
              }
            ],
            "hosted_zone_id": "Z3AQBSTGFYJSTF",
            "id": "animerec-data",
            "lifecycle_rule": [],
            "logging": [],
            "object_lock_configuration": [],
            "object_lock_enabled": false,
            "policy": "",
            "region": "us-east-1",
            "replication_configuration": [],
            "request_payer": "BucketOwner",
            "server_side_encryption_configuration": [
              {
                "rule": [
                  {
                    "apply_server_side_encryption_by_default": [
                      {
                        "kms_master_key_id": "",
                        "sse_algorithm": "AES256"
                      }
                    ],
                    "bucket_key_enabled": false
                  }
                ]
              }
            ],
            "tags": {
              "Environment": "dev",
              "Project": "animerec"
            },
            "tags_all": {
              "Environment": "dev",
              "Project": "animerec"
            },
            "timeouts": null,
            "versioning": [
              {
                "enabled": true,
                "mfa_delete": false
              }
            ],
            "website": [],
            "website_domain": null,
            "website_endpoint": null
          },
          "sensitive_attributes": [],
          "identity_schema_version": 0,
          "private": "eyJlMmJmYjczMC1lY2FhLTExZTYtOGY4OC0zNDM2M2JjN2M0YzAiOnsiY3JlYXRlIjoxMjAwMDAwMDAwMDAwLCJkZWxldGUiOjM2MDAwMDAwMDAwMDAsInJlYWQiOjEyMDAwMDAwMDAwMDAsInVwZGF0ZSI6MTIwMDAwMDAwMDAwMH19"
        }
      ]
    },
    {
      "mode": "managed",
      "type": "aws_s3_bucket",
      "name": "frontend_bucket",
      "provider": "provider[\"registry.terraform.io/hashicorp/aws\"]",
      "instances": [
        {
          "schema_version": 0,
          "attributes": {
            "acceleration_status": "",
            "acl": null,
            "arn": "arn:aws:s3:::animerec-frontend-425720187450",
            "bucket": "animerec-frontend-425720187450",
            "bucket_domain_name": "animerec-frontend-425720187450.s3.amazonaws.com",
            "bucket_prefix": "",
            "bucket_regional_domain_name": "animerec-frontend-425720187450.s3.amazonaws.com",
            "cors_rule": [],
            "force_destroy": false,
            "grant": [
              {
                "id": "30d099e6e0aa9de5e14d99f0b998c0e09be3ce6c5b894b1cb74662ef37d6e9ae",
                "permissions": [
                  "FULL_CONTROL"
                ],
                "type": "CanonicalUser",
                "uri": ""
              }
            ],
            "hosted_zone_id": "Z3AQBSTGFYJSTF",
            "id": "animerec-frontend-425720187450",
            "lifecycle_rule": [],
            "logging": [],
            "object_lock_configuration": [],
            "object_lock_enabled": false,
            "policy": "{\"Statement\":[{\"Action\":\"s3:GetObject\",\"Effect\":\"Allow\",\"Principal\":{\"AWS\":\"arn:aws:iam::cloudfront:user/CloudFront Origin Access Identity E1W7MJKC75I8SS\"},\"Resource\":\"arn:aws:s3:::animerec-frontend-425720187450/*\",\"Sid\":\"CloudFrontAccess\"}],\"Version\":\"2012-10-17\"}",
            "region": "us-east-1",
            "replication_configuration": [],
            "request_payer": "BucketOwner",
            "server_side_encryption_configuration": [
              {
                "rule": [
                  {
                    "apply_server_side_encryption_by_default": [
                      {
                        "kms_master_key_id": "",
                        "sse_algorithm": "AES256"
                      }
                    ],
                    "bucket_key_enabled": false
                  }
                ]
              }
            ],
            "tags": {
              "Environment": "dev",
              "Name": "animerec-frontend",
              "Project": "animerec"
            },
            "tags_all": {
              "Environment": "dev",
              "Name": "animerec-frontend",
              "Project": "animerec"
            },
            "timeouts": null,
            "versioning": [
              {
                "enabled": true,
                "mfa_delete": false
              }
            ],
            "website": [],
            "website_domain": null,
            "website_endpoint": null
          },
          "sensitive_attributes": [],
          "identity_schema_version": 0,
          "private": "eyJlMmJmYjczMC1lY2FhLTExZTYtOGY4OC0zNDM2M2JjN2M0YzAiOnsiY3JlYXRlIjoxMjAwMDAwMDAwMDAwLCJkZWxldGUiOjM2MDAwMDAwMDAwMDAsInJlYWQiOjEyMDAwMDAwMDAwMDAsInVwZGF0ZSI6MTIwMDAwMDAwMDAwMH19",
          "dependencies": [
            "data.aws_caller_identity.current"
          ]
        }
      ]
    },
    {
      "mode": "managed",
      "type": "aws_s3_bucket_policy",
      "name": "frontend_bucket_policy",
      "provider": "provider[\"registry.terraform.io/hashicorp/aws\"]",
      "instances": [
        {
          "schema_version": 0,
          "attributes": {
            "bucket": "animerec-frontend-425720187450",
            "id": "animerec-frontend-425720187450",
            "policy": "{\"Statement\":[{\"Action\":\"s3:GetObject\",\"Effect\":\"Allow\",\"Principal\":{\"AWS\":\"arn:aws:iam::cloudfront:user/CloudFront Origin Access Identity E1W7MJKC75I8SS\"},\"Resource\":\"arn:aws:s3:::animerec-frontend-425720187450/*\",\"Sid\":\"CloudFrontAccess\"}],\"Version\":\"2012-10-17\"}"
          },
          "sensitive_attributes": [],
          "identity_schema_version": 0,
          "private": "bnVsbA==",
          "dependencies": [
            "aws_cloudfront_origin_access_identity.frontend_oai",
            "aws_s3_bucket.frontend_bucket",
            "data.aws_caller_identity.current"
          ]
        }
      ]
    },
    {
      "mode": "managed",
      "type": "aws_s3_bucket_public_access_block",
      "name": "frontend_bucket_pab",
      "provider": "provider[\"registry.terraform.io/hashicorp/aws\"]",
      "instances": [
        {
          "schema_version": 0,
          "attributes": {
            "block_public_acls": true,
            "block_public_policy": true,
            "bucket": "animerec-frontend-425720187450",
            "id": "animerec-frontend-425720187450",
            "ignore_public_acls": true,
            "restrict_public_buckets": true
          },
          "sensitive_attributes": [],
          "identity_schema_version": 0,
          "private": "bnVsbA==",
          "dependencies": [
            "aws_s3_bucket.frontend_bucket",
            "data.aws_caller_identity.current"
          ]
        }
      ]
    },
    {
      "mode": "managed",
      "type": "aws_s3_bucket_versioning",
      "name": "frontend_bucket_versioning",
      "provider": "provider[\"registry.terraform.io/hashicorp/aws\"]",
      "instances": [
        {
          "schema_version": 0,
          "attributes": {
            "bucket": "animerec-frontend-425720187450",
            "expected_bucket_owner": "",
            "id": "animerec-frontend-425720187450",
            "mfa": null,
            "versioning_configuration": [
              {
                "mfa_delete": "",
                "status": "Enabled"
              }
            ]
          },
          "sensitive_attributes": [],
          "identity_schema_version": 0,
          "private": "bnVsbA==",
          "dependencies": [
            "aws_s3_bucket.frontend_bucket",
            "data.aws_caller_identity.current"
          ]
        }
      ]
    },
    {
      "module": "module.auth_lambda",
      "mode": "data",
      "type": "archive_file",
      "name": "lambda_zip",
      "provider": "provider[\"registry.terraform.io/hashicorp/archive\"]",
      "instances": [
        {
          "schema_version": 0,
          "attributes": {
            "exclude_symlink_directories": null,
            "excludes": null,
            "id": "f7052674d8e1af5cba1d985e4bb02af1633c40ee",
            "output_base64sha256": "rzY7QfUH3XS12bR38y+Ut8Bc8E64LP7caL+2KamTM2I=",
            "output_base64sha512": "kvChdjzNvmuptwJ+jt1Jl2yMw7U7hHQDtBhzvQdfhpPmdAopBnBUvsljmLD0bQ1wQAohQqV+oSn7HvKPYZx5ZQ==",
            "output_file_mode": null,
            "output_md5": "35c2edd67de45964fa29e53fabb55e3e",
            "output_path": "modules/lambda/.terraform/lambda_auth.zip",
            "output_sha": "f7052674d8e1af5cba1d985e4bb02af1633c40ee",
            "output_sha256": "af363b41f507dd74b5d9b477f32f94b7c05cf04eb82cfedc68bfb629a9933362",
            "output_sha512": "92f0a1763ccdbe6ba9b7027e8edd49976c8cc3b53b847403b41873bd075f8693e6740a29067054bec96398b0f46d0d70400a2142a57ea129fb1ef28f619c7965",
            "output_size": 1522,
            "source": [],
            "source_content": null,
            "source_content_filename": null,
            "source_dir": null,
            "source_file": "./../../backend/lambdas/auth/handler.py",
            "type": "zip"
          },
          "sensitive_attributes": [],
          "identity_schema_version": 0
        }
      ]
    },
    {
      "module": "module.auth_lambda",
      "mode": "managed",
      "type": "aws_cloudwatch_log_group",
      "name": "lambda_logs",
      "provider": "provider[\"registry.terraform.io/hashicorp/aws\"]",
      "instances": [
        {
          "schema_version": 0,
          "attributes": {
            "arn": "arn:aws:logs:us-east-1:425720187450:log-group:/aws/lambda/animerec-auth",
            "id": "/aws/lambda/animerec-auth",
            "kms_key_id": "",
            "name": "/aws/lambda/animerec-auth",
            "name_prefix": "",
            "retention_in_days": 14,
            "skip_destroy": false,
            "tags": {
              "Environment": "dev",
              "Project": "animerec"
            },
            "tags_all": {
              "Environment": "dev",
              "Project": "animerec"
            }
          },
          "sensitive_attributes": [],
          "identity_schema_version": 0,
          "private": "bnVsbA==",
          "dependencies": [
            "module.auth_lambda.aws_iam_role.lambda_exec_role",
            "module.auth_lambda.aws_lambda_function.function",
            "module.auth_lambda.data.archive_file.lambda_zip",
            "module.cognito.aws_cognito_user_pool.main",
            "module.cognito.aws_cognito_user_pool_client.main"
          ]
        }
      ]
    },
    {
      "module": "module.auth_lambda",
      "mode": "managed",
      "type": "aws_iam_role",
      "name": "lambda_exec_role",
      "provider": "provider[\"registry.terraform.io/hashicorp/aws\"]",
      "instances": [
        {
          "schema_version": 0,
          "attributes": {
            "arn": "arn:aws:iam::425720187450:role/animerec-auth-lambda-exec",
            "assume_role_policy": "{\"Statement\":[{\"Action\":\"sts:AssumeRole\",\"Effect\":\"Allow\",\"Principal\":{\"Service\":\"lambda.amazonaws.com\"}}],\"Version\":\"2012-10-17\"}",
            "create_date": "2026-02-10T19:51:54Z",
            "description": "",
            "force_detach_policies": false,
            "id": "animerec-auth-lambda-exec",
            "inline_policy": [
              {
                "name": "animerec-auth-lambda-logs",
                "policy": "{\"Version\":\"2012-10-17\",\"Statement\":[{\"Action\":[\"logs:CreateLogGroup\",\"logs:CreateLogStream\",\"logs:PutLogEvents\"],\"Effect\":\"Allow\",\"Resource\":\"arn:aws:logs:*:*:*\"}]}"
              },
              {
                "name": "animerec-auth-policy",
                "policy": "{\"Version\":\"2012-10-17\",\"Statement\":[{\"Action\":[\"cognito-idp:SignUp\",\"cognito-idp:AdminConfirmSignUp\",\"cognito-idp:AdminInitiateAuth\"],\"Effect\":\"Allow\",\"Resource\":\"arn:aws:cognito-idp:us-east-1:425720187450:userpool/us-east-1_FNOzzljx2\"}]}"
              }
            ],
            "managed_policy_arns": [],
            "max_session_duration": 3600,
            "name": "animerec-auth-lambda-exec",
            "name_prefix": "",
            "path": "/",
            "permissions_boundary": null,
            "role_last_used": [
              {
                "last_used_date": "",
                "region": ""
              }
            ],
            "tags": {
              "Environment": "dev",
              "Project": "animerec"
            },
            "tags_all": {
              "Environment": "dev",
              "Project": "animerec"
            },
            "unique_id": "AROAWGHXGRI5BJQHNXROM"
          },
          "sensitive_attributes": [],
          "identity_schema_version": 0,
          "private": "bnVsbA==",
          "create_before_destroy": true
        }
      ]
    },
    {
      "module": "module.auth_lambda",
      "mode": "managed",
      "type": "aws_iam_role_policy",
      "name": "lambda_logs",
      "provider": "provider[\"registry.terraform.io/hashicorp/aws\"]",
      "instances": [
        {
          "schema_version": 0,
          "attributes": {
            "id": "animerec-auth-lambda-exec:animerec-auth-lambda-logs",
            "name": "animerec-auth-lambda-logs",
            "name_prefix": null,
            "policy": "{\"Version\":\"2012-10-17\",\"Statement\":[{\"Action\":[\"logs:CreateLogGroup\",\"logs:CreateLogStream\",\"logs:PutLogEvents\"],\"Effect\":\"Allow\",\"Resource\":\"arn:aws:logs:*:*:*\"}]}",
            "role": "animerec-auth-lambda-exec"
          },
          "sensitive_attributes": [],
          "identity_schema_version": 0,
          "private": "bnVsbA==",
          "dependencies": [
            "module.auth_lambda.aws_iam_role.lambda_exec_role"
          ]
        }
      ]
    },
    {
      "module": "module.auth_lambda",
      "mode": "managed",
      "type": "aws_lambda_function",
      "name": "function",
      "provider": "provider[\"registry.terraform.io/hashicorp/aws\"]",
      "instances": [
        {
          "schema_version": 0,
          "attributes": {
            "architectures": [
              "x86_64"
            ],
            "arn": "arn:aws:lambda:us-east-1:425720187450:function:animerec-auth",
            "code_signing_config_arn": "",
            "dead_letter_config": [],
            "description": "",
            "environment": [
              {
                "variables": {
                  "COGNITO_CLIENT_ID": "6bjqlh3ffvn7qo1tmdsk2tieqg",
                  "COGNITO_USER_POOL_ID": "us-east-1_FNOzzljx2"
                }
              }
            ],
            "ephemeral_storage": [
              {
                "size": 512
              }
            ],
            "file_system_config": [],
            "filename": "modules/lambda/.terraform/lambda_auth.zip",
            "function_name": "animerec-auth",
            "handler": "handler.handler",
            "id": "animerec-auth",
            "image_config": [],
            "image_uri": "",
            "invoke_arn": "arn:aws:apigateway:us-east-1:lambda:path/2015-03-31/functions/arn:aws:lambda:us-east-1:425720187450:function:animerec-auth/invocations",
            "kms_key_arn": "",
            "last_modified": "2026-02-10T19:53:36.143+0000",
            "layers": [],
            "memory_size": 256,
            "package_type": "Zip",
            "publish": false,
            "qualified_arn": "arn:aws:lambda:us-east-1:425720187450:function:animerec-auth:$LATEST",
            "qualified_invoke_arn": "arn:aws:apigateway:us-east-1:lambda:path/2015-03-31/functions/arn:aws:lambda:us-east-1:425720187450:function:animerec-auth:$LATEST/invocations",
            "replace_security_groups_on_destroy": null,
            "replacement_security_group_ids": null,
            "reserved_concurrent_executions": -1,
            "role": "arn:aws:iam::425720187450:role/animerec-auth-lambda-exec",
            "runtime": "python3.10",
            "s3_bucket": null,
            "s3_key": null,
            "s3_object_version": null,
            "signing_job_arn": "",
            "signing_profile_version_arn": "",
            "skip_destroy": false,
            "snap_start": [],
            "source_code_hash": "rzY7QfUH3XS12bR38y+Ut8Bc8E64LP7caL+2KamTM2I=",
            "source_code_size": 1522,
            "tags": {
              "Environment": "dev",
              "Project": "animerec"
            },
            "tags_all": {
              "Environment": "dev",
              "Project": "animerec"
            },
            "timeout": 30,
            "timeouts": null,
            "tracing_config": [
              {
                "mode": "PassThrough"
              }
            ],
            "version": "$LATEST",
            "vpc_config": []
          },
          "sensitive_attributes": [],
          "identity_schema_version": 0,
          "private": "eyJlMmJmYjczMC1lY2FhLTExZTYtOGY4OC0zNDM2M2JjN2M0YzAiOnsiY3JlYXRlIjo2MDAwMDAwMDAwMDAsImRlbGV0ZSI6NjAwMDAwMDAwMDAwLCJ1cGRhdGUiOjYwMDAwMDAwMDAwMH19",
          "dependencies": [
            "module.auth_lambda.aws_iam_role.lambda_exec_role",
            "module.auth_lambda.data.archive_file.lambda_zip",
            "module.cognito.aws_cognito_user_pool.main",
            "module.cognito.aws_cognito_user_pool_client.main"
          ],
          "create_before_destroy": true
        }
      ]
    },
    {
      "module": "module.cognito",
      "mode": "data",
      "type": "aws_caller_identity",
      "name": "current",
      "provider": "provider[\"registry.terraform.io/hashicorp/aws\"]",
      "instances": [
        {
          "schema_version": 0,
          "attributes": {
            "account_id": "425720187450",
            "arn": "arn:aws:iam::425720187450:user/dev",
            "id": "425720187450",
            "user_id": "AIDAWGHXGRI5OUHRNNFW3"
          },
          "sensitive_attributes": [],
          "identity_schema_version": 0
        }
      ]
    },
    {
      "module": "module.cognito",
      "mode": "managed",
      "type": "aws_cognito_identity_pool",
      "name": "main",
      "provider": "provider[\"registry.terraform.io/hashicorp/aws\"]",
      "instances": [
        {
          "schema_version": 0,
          "attributes": {
            "allow_classic_flow": false,
            "allow_unauthenticated_identities": false,
            "arn": "arn:aws:cognito-identity:us-east-1:425720187450:identitypool/us-east-1:c6c097a6-8fe3-41a1-96b1-eab117adcda5",
            "cognito_identity_providers": [
              {
                "client_id": "6bjqlh3ffvn7qo1tmdsk2tieqg",
                "provider_name": "cognito-idp.us-east-1.amazonaws.com/us-east-1_FNOzzljx2",
                "server_side_token_check": false
              }
            ],
            "developer_provider_name": "",
            "id": "us-east-1:c6c097a6-8fe3-41a1-96b1-eab117adcda5",
            "identity_pool_name": "animerec-identity-pool",
            "openid_connect_provider_arns": [],
            "saml_provider_arns": [],
            "supported_login_providers": {},
            "tags": {
              "Environment": "dev",
              "Project": "animerec"
            },
            "tags_all": {
              "Environment": "dev",
              "Project": "animerec"
            }
          },
          "sensitive_attributes": [],
          "identity_schema_version": 0,
          "private": "bnVsbA==",
          "dependencies": [
            "module.cognito.aws_cognito_user_pool.main",
            "module.cognito.aws_cognito_user_pool_client.main"
          ]
        }
      ]
    },
    {
      "module": "module.cognito",
      "mode": "managed",
      "type": "aws_cognito_identity_pool_roles_attachment",
      "name": "main",
      "provider": "provider[\"registry.terraform.io/hashicorp/aws\"]",
      "instances": [
        {
          "schema_version": 0,
          "attributes": {
            "id": "us-east-1:c6c097a6-8fe3-41a1-96b1-eab117adcda5",
            "identity_pool_id": "us-east-1:c6c097a6-8fe3-41a1-96b1-eab117adcda5",
            "role_mapping": [],
            "roles": {
              "authenticated": "arn:aws:iam::425720187450:role/animerec-authenticated-role"
            }
          },
          "sensitive_attributes": [],
          "identity_schema_version": 0,
          "private": "bnVsbA==",
          "dependencies": [
            "module.cognito.aws_cognito_identity_pool.main",
            "module.cognito.aws_cognito_user_pool.main",
            "module.cognito.aws_cognito_user_pool_client.main",
            "module.cognito.aws_iam_role.authenticated_role"
          ]
        }
      ]
    },
    {
      "module": "module.cognito",
      "mode": "managed",
      "type": "aws_cognito_user_pool",
      "name": "main",
      "provider": "provider[\"registry.terraform.io/hashicorp/aws\"]",
      "instances": [
        {
          "schema_version": 0,
          "attributes": {
            "account_recovery_setting": [
              {
                "recovery_mechanism": [
                  {
                    "name": "verified_email",
                    "priority": 1
                  }
                ]
              }
            ],
            "admin_create_user_config": [
              {
                "allow_admin_create_user_only": false,
                "invite_message_template": []
              }
            ],
            "alias_attributes": null,
            "arn": "arn:aws:cognito-idp:us-east-1:425720187450:userpool/us-east-1_FNOzzljx2",
            "auto_verified_attributes": [
              "email"
            ],
            "creation_date": "2026-02-10T19:47:33Z",
            "custom_domain": "",
            "deletion_protection": "INACTIVE",
            "device_configuration": [],
            "domain": "animerec-auth",
            "email_configuration": [
              {
                "configuration_set": "",
                "email_sending_account": "COGNITO_DEFAULT",
                "from_email_address": "",
                "reply_to_email_address": "",
                "source_arn": ""
              }
            ],
            "email_verification_message": "",
            "email_verification_subject": "",
            "endpoint": "cognito-idp.us-east-1.amazonaws.com/us-east-1_FNOzzljx2",
            "estimated_number_of_users": 1,
            "id": "us-east-1_FNOzzljx2",
            "lambda_config": [],
            "last_modified_date": "2026-02-10T19:56:07Z",
            "mfa_configuration": "OFF",
            "name": "animerec-user-pool",
            "password_policy": [
              {
                "minimum_length": 8,
                "require_lowercase": true,
                "require_numbers": true,
                "require_symbols": false,
                "require_uppercase": true,
                "temporary_password_validity_days": 7
              }
            ],
            "schema": [
              {
                "attribute_data_type": "String",
                "developer_only_attribute": false,
                "mutable": false,
                "name": "email",
                "number_attribute_constraints": [],
                "required": true,
                "string_attribute_constraints": [
                  {
                    "max_length": "2048",
                    "min_length": "0"
                  }
                ]
              }
            ],
            "sms_authentication_message": "",
            "sms_configuration": [],
            "sms_verification_message": "",
            "software_token_mfa_configuration": [],
            "tags": {
              "Environment": "dev",
              "Project": "animerec"
            },
            "tags_all": {
              "Environment": "dev",
              "Project": "animerec"
            },
            "user_attribute_update_settings": [],
            "user_pool_add_ons": [],
            "username_attributes": [
              "email"
            ],
            "username_configuration": [],
            "verification_message_template": [
              {
                "default_email_option": "CONFIRM_WITH_CODE",
                "email_message": "",
                "email_message_by_link": "",
                "email_subject": "",
                "email_subject_by_link": "",
                "sms_message": ""
              }
            ]
          },
          "sensitive_attributes": [],
          "identity_schema_version": 0,
          "private": "bnVsbA==",
          "create_before_destroy": true
        }
      ]
    },
    {
      "module": "module.cognito",
      "mode": "managed",
      "type": "aws_cognito_user_pool_client",
      "name": "main",
      "provider": "provider[\"registry.terraform.io/hashicorp/aws\"]",
      "instances": [
        {
          "schema_version": 0,
          "attributes": {
            "access_token_validity": 1,
            "allowed_oauth_flows": [
              "code",
              "implicit"
            ],
            "allowed_oauth_flows_user_pool_client": true,
            "allowed_oauth_scopes": [
              "email",
              "openid",
              "profile"
            ],
            "analytics_configuration": [],
            "auth_session_validity": 3,
            "callback_urls": [
              "http://localhost:3000",
              "http://localhost:3000/callback",
              "http://localhost:3001",
              "http://localhost:3001/callback"
            ],
            "client_secret": "",
            "default_redirect_uri": "",
            "enable_propagate_additional_user_context_data": false,
            "enable_token_revocation": true,
            "explicit_auth_flows": [
              "ALLOW_ADMIN_USER_PASSWORD_AUTH",
              "ALLOW_CUSTOM_AUTH",
              "ALLOW_REFRESH_TOKEN_AUTH",
              "ALLOW_USER_PASSWORD_AUTH"
            ],
            "generate_secret": null,
            "id": "6bjqlh3ffvn7qo1tmdsk2tieqg",
            "id_token_validity": 1,
            "logout_urls": [
              "http://localhost:3000",
              "http://localhost:3000/logout",
              "http://localhost:3001",
              "http://localhost:3001/logout"
            ],
            "name": "animerec-client",
            "prevent_user_existence_errors": "ENABLED",
            "read_attributes": [],
            "refresh_token_validity": 30,
            "supported_identity_providers": [],
            "token_validity_units": [
              {
                "access_token": "hours",
                "id_token": "hours",
                "refresh_token": "days"
              }
            ],
            "user_pool_id": "us-east-1_FNOzzljx2",
            "write_attributes": []
          },
          "sensitive_attributes": [
            [
              {
                "type": "get_attr",
                "value": "client_secret"
              }
            ]
          ],
          "identity_schema_version": 0,
          "dependencies": [
            "module.cognito.aws_cognito_user_pool.main"
          ],
          "create_before_destroy": true
        }
      ]
    },
    {
      "module": "module.cognito",
      "mode": "managed",
      "type": "aws_cognito_user_pool_domain",
      "name": "main",
      "provider": "provider[\"registry.terraform.io/hashicorp/aws\"]",
      "instances": [
        {
          "schema_version": 0,
          "attributes": {
            "aws_account_id": "425720187450",
            "certificate_arn": "",
            "cloudfront_distribution": "d3oia8etllorh5.cloudfront.net",
            "cloudfront_distribution_arn": "d3oia8etllorh5.cloudfront.net",
            "cloudfront_distribution_zone_id": "Z2FDTNDATAQYW2",
            "domain": "animerec-auth",
            "id": "animerec-auth",
            "s3_bucket": "aws-cognito-prod-iad-assets",
            "user_pool_id": "us-east-1_FNOzzljx2",
            "version": "20260210194734"
          },
          "sensitive_attributes": [],
          "identity_schema_version": 0,
          "private": "bnVsbA==",
          "dependencies": [
            "module.cognito.aws_cognito_user_pool.main"
          ]
        }
      ]
    },
    {
      "module": "module.cognito",
      "mode": "managed",
      "type": "aws_iam_role",
      "name": "authenticated_role",
      "provider": "provider[\"registry.terraform.io/hashicorp/aws\"]",
      "instances": [
        {
          "schema_version": 0,
          "attributes": {
            "arn": "arn:aws:iam::425720187450:role/animerec-authenticated-role",
            "assume_role_policy": "{\"Statement\":[{\"Action\":\"sts:AssumeRoleWithWebIdentity\",\"Condition\":{\"ForAllValues:StringLike\":{\"cognito-identity.amazonaws.com:sub\":\"*\"},\"StringEquals\":{\"cognito-identity.amazonaws.com:aud\":\"us-east-1:c6c097a6-8fe3-41a1-96b1-eab117adcda5\"}},\"Effect\":\"Allow\",\"Principal\":{\"Federated\":\"cognito-identity.amazonaws.com\"}}],\"Version\":\"2012-10-17\"}",
            "create_date": "2026-02-10T19:47:34Z",
            "description": "",
            "force_detach_policies": false,
            "id": "animerec-authenticated-role",
            "inline_policy": [
              {
                "name": "animerec-authenticated-policy",
                "policy": "{\"Version\":\"2012-10-17\",\"Statement\":[{\"Action\":[\"mobileanalytics:PutEvents\",\"cognito-sync:*\",\"cognito-identity:*\"],\"Effect\":\"Allow\",\"Resource\":\"*\"}]}"
              }
            ],
            "managed_policy_arns": [],
            "max_session_duration": 3600,
            "name": "animerec-authenticated-role",
            "name_prefix": "",
            "path": "/",
            "permissions_boundary": null,
            "role_last_used": [
              {
                "last_used_date": "",
                "region": ""
              }
            ],
            "tags": {},
            "tags_all": {},
            "unique_id": "AROAWGHXGRI5PVX4FBYDR"
          },
          "sensitive_attributes": [],
          "identity_schema_version": 0,
          "private": "bnVsbA==",
          "dependencies": [
            "module.cognito.aws_cognito_identity_pool.main",
            "module.cognito.aws_cognito_user_pool.main",
            "module.cognito.aws_cognito_user_pool_client.main"
          ]
        }
      ]
    },
    {
      "module": "module.cognito",
      "mode": "managed",
      "type": "aws_iam_role_policy",
      "name": "authenticated_policy",
      "provider": "provider[\"registry.terraform.io/hashicorp/aws\"]",
      "instances": [
        {
          "schema_version": 0,
          "attributes": {
            "id": "animerec-authenticated-role:animerec-authenticated-policy",
            "name": "animerec-authenticated-policy",
            "name_prefix": null,
            "policy": "{\"Version\":\"2012-10-17\",\"Statement\":[{\"Action\":[\"mobileanalytics:PutEvents\",\"cognito-sync:*\",\"cognito-identity:*\"],\"Effect\":\"Allow\",\"Resource\":\"*\"}]}",
            "role": "animerec-authenticated-role"
          },
          "sensitive_attributes": [],
          "identity_schema_version": 0,
          "private": "bnVsbA==",
          "dependencies": [
            "module.cognito.aws_cognito_identity_pool.main",
            "module.cognito.aws_cognito_user_pool.main",
            "module.cognito.aws_cognito_user_pool_client.main",
            "module.cognito.aws_iam_role.authenticated_role"
          ]
        }
      ]
    },
    {
      "module": "module.data_ingest_lambda",
      "mode": "data",
      "type": "archive_file",
      "name": "lambda_zip",
      "provider": "provider[\"registry.terraform.io/hashicorp/archive\"]",
      "instances": [
        {
          "schema_version": 0,
          "attributes": {
            "exclude_symlink_directories": null,
            "excludes": null,
            "id": "71b5aedb2f9e43424a6381eaa3e518a80e112b50",
            "output_base64sha256": "Yy0sa9tzfngHQuoVTVuilfPV6q7JS9jgqxa/JO/o/p0=",
            "output_base64sha512": "XXgPFJg2oCSyiWtNWWDNaNPO9ZixNNg0OMmz+aIhdhc8xvw6hXjzjfCu2EXHVBVLy/w3cy/4IXB6PTATHdU2Pg==",
            "output_file_mode": null,
            "output_md5": "333c127620cef6ebef4c40cde806667f",
            "output_path": "modules/lambda/.terraform/lambda_data-ingest.zip",
            "output_sha": "71b5aedb2f9e43424a6381eaa3e518a80e112b50",
            "output_sha256": "632d2c6bdb737e780742ea154d5ba295f3d5eaaec94bd8e0ab16bf24efe8fe9d",
            "output_sha512": "5d780f149836a024b2896b4d5960cd68d3cef598b134d83438c9b3f9a22176173cc6fc3a8578f38df0aed845c754154bcbfc37732ff821707a3d30131dd5363e",
            "output_size": 2109,
            "source": [],
            "source_content": null,
            "source_content_filename": null,
            "source_dir": null,
            "source_file": "./../../backend/lambdas/data_ingest/handler.py",
            "type": "zip"
          },
          "sensitive_attributes": [],
          "identity_schema_version": 0
        }
      ]
    },
    {
      "module": "module.data_ingest_lambda",
      "mode": "managed",
      "type": "aws_cloudwatch_log_group",
      "name": "lambda_logs",
      "provider": "provider[\"registry.terraform.io/hashicorp/aws\"]",
      "instances": [
        {
          "schema_version": 0,
          "attributes": {
            "arn": "arn:aws:logs:us-east-1:425720187450:log-group:/aws/lambda/animerec-data-ingest",
            "id": "/aws/lambda/animerec-data-ingest",
            "kms_key_id": "",
            "name": "/aws/lambda/animerec-data-ingest",
            "name_prefix": "",
            "retention_in_days": 14,
            "skip_destroy": false,
            "tags": {
              "Environment": "dev",
              "Project": "animerec"
            },
            "tags_all": {
              "Environment": "dev",
              "Project": "animerec"
            }
          },
          "sensitive_attributes": [],
          "identity_schema_version": 0,
          "private": "bnVsbA==",
          "dependencies": [
            "aws_s3_bucket.data_bucket",
            "module.data_ingest_lambda.aws_iam_role.lambda_exec_role",
            "module.data_ingest_lambda.aws_lambda_function.function",
            "module.data_ingest_lambda.data.archive_file.lambda_zip",
            "module.dynamodb.aws_dynamodb_table.anime"
          ]
        }
      ]
    },
    {
      "module": "module.data_ingest_lambda",
      "mode": "managed",
      "type": "aws_iam_role",
      "name": "lambda_exec_role",
      "provider": "provider[\"registry.terraform.io/hashicorp/aws\"]",
      "instances": [
        {
          "schema_version": 0,
          "attributes": {
            "arn": "arn:aws:iam::425720187450:role/animerec-data-ingest-lambda-exec",
            "assume_role_policy": "{\"Statement\":[{\"Action\":\"sts:AssumeRole\",\"Effect\":\"Allow\",\"Principal\":{\"Service\":\"lambda.amazonaws.com\"}}],\"Version\":\"2012-10-17\"}",
            "create_date": "2026-01-30T03:07:39Z",
            "description": "",
            "force_detach_policies": false,
            "id": "animerec-data-ingest-lambda-exec",
            "inline_policy": [
              {
                "name": "animerec-data-ingest-lambda-logs",
                "policy": "{\"Version\":\"2012-10-17\",\"Statement\":[{\"Action\":[\"logs:CreateLogGroup\",\"logs:CreateLogStream\",\"logs:PutLogEvents\"],\"Effect\":\"Allow\",\"Resource\":\"arn:aws:logs:*:*:*\"}]}"
              },
              {
                "name": "animerec-data-ingest-policy",
                "policy": "{\"Version\":\"2012-10-17\",\"Statement\":[{\"Action\":[\"s3:GetObject\",\"s3:ListBucket\"],\"Effect\":\"Allow\",\"Resource\":[\"arn:aws:s3:::animerec-data\",\"arn:aws:s3:::animerec-data/*\"]},{\"Action\":[\"dynamodb:BatchWriteItem\",\"dynamodb:GetItem\",\"dynamodb:Query\"],\"Effect\":\"Allow\",\"Resource\":\"arn:aws:dynamodb:us-east-1:425720187450:table/animerec-anime\"}]}"
              }
            ],
            "managed_policy_arns": [],
            "max_session_duration": 3600,
            "name": "animerec-data-ingest-lambda-exec",
            "name_prefix": "",
            "path": "/",
            "permissions_boundary": null,
            "role_last_used": [
              {
                "last_used_date": "2026-01-30T03:43:09Z",
                "region": "us-east-1"
              }
            ],
            "tags": {
              "Environment": "dev",
              "Project": "animerec"
            },
            "tags_all": {
              "Environment": "dev",
              "Project": "animerec"
            },
            "unique_id": "AROAWGHXGRI5OBMDI6W62"
          },
          "sensitive_attributes": [],
          "identity_schema_version": 0,
          "private": "bnVsbA=="
        }
      ]
    },
    {
      "module": "module.data_ingest_lambda",
      "mode": "managed",
      "type": "aws_iam_role_policy",
      "name": "lambda_logs",
      "provider": "provider[\"registry.terraform.io/hashicorp/aws\"]",
      "instances": [
        {
          "schema_version": 0,
          "attributes": {
            "id": "animerec-data-ingest-lambda-exec:animerec-data-ingest-lambda-logs",
            "name": "animerec-data-ingest-lambda-logs",
            "name_prefix": null,
            "policy": "{\"Version\":\"2012-10-17\",\"Statement\":[{\"Action\":[\"logs:CreateLogGroup\",\"logs:CreateLogStream\",\"logs:PutLogEvents\"],\"Effect\":\"Allow\",\"Resource\":\"arn:aws:logs:*:*:*\"}]}",
            "role": "animerec-data-ingest-lambda-exec"
          },
          "sensitive_attributes": [],
          "identity_schema_version": 0,
          "private": "bnVsbA==",
          "dependencies": [
            "module.data_ingest_lambda.aws_iam_role.lambda_exec_role"
          ]
        }
      ]
    },
    {
      "module": "module.data_ingest_lambda",
      "mode": "managed",
      "type": "aws_lambda_function",
      "name": "function",
      "provider": "provider[\"registry.terraform.io/hashicorp/aws\"]",
      "instances": [
        {
          "schema_version": 0,
          "attributes": {
            "architectures": [
              "x86_64"
            ],
            "arn": "arn:aws:lambda:us-east-1:425720187450:function:animerec-data-ingest",
            "code_signing_config_arn": "",
            "dead_letter_config": [],
            "description": "",
            "environment": [
              {
                "variables": {
                  "ANIME_TABLE": "animerec-anime",
                  "DATA_BUCKET": "animerec-data",
                  "DATA_KEY": "cleaned/anime_meta_cleaned.jsonl"
                }
              }
            ],
            "ephemeral_storage": [
              {
                "size": 512
              }
            ],
            "file_system_config": [],
            "filename": "modules/lambda/.terraform/lambda_data-ingest.zip",
            "function_name": "animerec-data-ingest",
            "handler": "handler.handler",
            "id": "animerec-data-ingest",
            "image_config": [],
            "image_uri": "",
            "invoke_arn": "arn:aws:apigateway:us-east-1:lambda:path/2015-03-31/functions/arn:aws:lambda:us-east-1:425720187450:function:animerec-data-ingest/invocations",
            "kms_key_arn": "",
            "last_modified": "2026-01-30T03:37:01.000+0000",
            "layers": [],
            "memory_size": 512,
            "package_type": "Zip",
            "publish": false,
            "qualified_arn": "arn:aws:lambda:us-east-1:425720187450:function:animerec-data-ingest:$LATEST",
            "qualified_invoke_arn": "arn:aws:apigateway:us-east-1:lambda:path/2015-03-31/functions/arn:aws:lambda:us-east-1:425720187450:function:animerec-data-ingest:$LATEST/invocations",
            "replace_security_groups_on_destroy": null,
            "replacement_security_group_ids": null,
            "reserved_concurrent_executions": -1,
            "role": "arn:aws:iam::425720187450:role/animerec-data-ingest-lambda-exec",
            "runtime": "python3.10",
            "s3_bucket": null,
            "s3_key": null,
            "s3_object_version": null,
            "signing_job_arn": "",
            "signing_profile_version_arn": "",
            "skip_destroy": false,
            "snap_start": [],
            "source_code_hash": "Yy0sa9tzfngHQuoVTVuilfPV6q7JS9jgqxa/JO/o/p0=",
            "source_code_size": 2109,
            "tags": {
              "Environment": "dev",
              "Project": "animerec"
            },
            "tags_all": {
              "Environment": "dev",
              "Project": "animerec"
            },
            "timeout": 600,
            "timeouts": null,
            "tracing_config": [
              {
                "mode": "PassThrough"
              }
            ],
            "version": "$LATEST",
            "vpc_config": []
          },
          "sensitive_attributes": [],
          "identity_schema_version": 0,
          "private": "eyJlMmJmYjczMC1lY2FhLTExZTYtOGY4OC0zNDM2M2JjN2M0YzAiOnsiY3JlYXRlIjo2MDAwMDAwMDAwMDAsImRlbGV0ZSI6NjAwMDAwMDAwMDAwLCJ1cGRhdGUiOjYwMDAwMDAwMDAwMH19",
          "dependencies": [
            "aws_s3_bucket.data_bucket",
            "module.data_ingest_lambda.aws_iam_role.lambda_exec_role",
            "module.data_ingest_lambda.data.archive_file.lambda_zip",
            "module.dynamodb.aws_dynamodb_table.anime"
          ]
        }
      ]
    },
    {
      "module": "module.dynamodb",
      "mode": "managed",
      "type": "aws_dynamodb_table",
      "name": "anime",
      "provider": "provider[\"registry.terraform.io/hashicorp/aws\"]",
      "instances": [
        {
          "schema_version": 1,
          "attributes": {
            "arn": "arn:aws:dynamodb:us-east-1:425720187450:table/animerec-anime",
            "attribute": [
              {
                "name": "anime_id",
                "type": "N"
              },
              {
                "name": "genre",
                "type": "S"
              },
              {
                "name": "year",
                "type": "N"
              }
            ],
            "billing_mode": "PAY_PER_REQUEST",
            "deletion_protection_enabled": false,
            "global_secondary_index": [
              {
                "hash_key": "genre",
                "name": "genre-index",
                "non_key_attributes": [],
                "projection_type": "KEYS_ONLY",
                "range_key": "",
                "read_capacity": 0,
                "write_capacity": 0
              },
              {
                "hash_key": "year",
                "name": "year-index",
                "non_key_attributes": [],
                "projection_type": "ALL",
                "range_key": "",
                "read_capacity": 0,
                "write_capacity": 0
              }
            ],
            "hash_key": "anime_id",
            "id": "animerec-anime",
            "local_secondary_index": [],
            "name": "animerec-anime",
            "point_in_time_recovery": [
              {
                "enabled": false
              }
            ],
            "range_key": null,
            "read_capacity": 0,
            "replica": [],
            "restore_date_time": null,
            "restore_source_name": null,
            "restore_to_latest_time": null,
            "server_side_encryption": [],
            "stream_arn": "",
            "stream_enabled": false,
            "stream_label": "",
            "stream_view_type": "",
            "table_class": "STANDARD",
            "tags": {
              "Environment": "dev",
              "Project": "animerec"
            },
            "tags_all": {
              "Environment": "dev",
              "Project": "animerec"
            },
            "timeouts": null,
            "ttl": [
              {
                "attribute_name": "",
                "enabled": false
              }
            ],
            "write_capacity": 0
          },
          "sensitive_attributes": [],
          "identity_schema_version": 0,
          "private": "eyJlMmJmYjczMC1lY2FhLTExZTYtOGY4OC0zNDM2M2JjN2M0YzAiOnsiY3JlYXRlIjoxODAwMDAwMDAwMDAwLCJkZWxldGUiOjYwMDAwMDAwMDAwMCwidXBkYXRlIjozNjAwMDAwMDAwMDAwfSwic2NoZW1hX3ZlcnNpb24iOiIxIn0=",
          "create_before_destroy": true
        }
      ]
    },
    {
      "module": "module.dynamodb",
      "mode": "managed",
      "type": "aws_dynamodb_table",
      "name": "interactions",
      "provider": "provider[\"registry.terraform.io/hashicorp/aws\"]",
      "instances": [
        {
          "schema_version": 1,
          "attributes": {
            "arn": "arn:aws:dynamodb:us-east-1:425720187450:table/animerec-interactions",
            "attribute": [
              {
                "name": "anime_id",
                "type": "N"
              },
              {
                "name": "user_id",
                "type": "S"
              }
            ],
            "billing_mode": "PAY_PER_REQUEST",
            "deletion_protection_enabled": false,
            "global_secondary_index": [],
            "hash_key": "user_id",
            "id": "animerec-interactions",
            "local_secondary_index": [],
            "name": "animerec-interactions",
            "point_in_time_recovery": [
              {
                "enabled": false
              }
            ],
            "range_key": "anime_id",
            "read_capacity": 0,
            "replica": [],
            "restore_date_time": null,
            "restore_source_name": null,
            "restore_to_latest_time": null,
            "server_side_encryption": [],
            "stream_arn": "",
            "stream_enabled": false,
            "stream_label": "",
            "stream_view_type": "",
            "table_class": "STANDARD",
            "tags": {
              "Environment": "dev",
              "Project": "animerec"
            },
            "tags_all": {
              "Environment": "dev",
              "Project": "animerec"
            },
            "timeouts": null,
            "ttl": [
              {
                "attribute_name": "",
                "enabled": false
              }
            ],
            "write_capacity": 0
          },
          "sensitive_attributes": [],
          "identity_schema_version": 0,
          "private": "eyJlMmJmYjczMC1lY2FhLTExZTYtOGY4OC0zNDM2M2JjN2M0YzAiOnsiY3JlYXRlIjoxODAwMDAwMDAwMDAwLCJkZWxldGUiOjYwMDAwMDAwMDAwMCwidXBkYXRlIjozNjAwMDAwMDAwMDAwfSwic2NoZW1hX3ZlcnNpb24iOiIxIn0=",
          "create_before_destroy": true
        }
      ]
    },
    {
      "module": "module.dynamodb",
      "mode": "managed",
      "type": "aws_dynamodb_table",
      "name": "recommendation_cache",
      "provider": "provider[\"registry.terraform.io/hashicorp/aws\"]",
      "instances": [
        {
          "schema_version": 1,
          "attributes": {
            "arn": "arn:aws:dynamodb:us-east-1:425720187450:table/animerec-recommendation-cache",
            "attribute": [
              {
                "name": "user_id",
                "type": "S"
              }
            ],
            "billing_mode": "PAY_PER_REQUEST",
            "deletion_protection_enabled": false,
            "global_secondary_index": [],
            "hash_key": "user_id",
            "id": "animerec-recommendation-cache",
            "local_secondary_index": [],
            "name": "animerec-recommendation-cache",
            "point_in_time_recovery": [
              {
                "enabled": false
              }
            ],
            "range_key": null,
            "read_capacity": 0,
            "replica": [],
            "restore_date_time": null,
            "restore_source_name": null,
            "restore_to_latest_time": null,
            "server_side_encryption": [],
            "stream_arn": "",
            "stream_enabled": false,
            "stream_label": "",
            "stream_view_type": "",
            "table_class": "STANDARD",
            "tags": {
              "Environment": "dev",
              "Project": "animerec"
            },
            "tags_all": {
              "Environment": "dev",
              "Project": "animerec"
            },
            "timeouts": null,
            "ttl": [
              {
                "attribute_name": "ttl",
                "enabled": true
              }
            ],
            "write_capacity": 0
          },
          "sensitive_attributes": [],
          "identity_schema_version": 0,
          "private": "eyJlMmJmYjczMC1lY2FhLTExZTYtOGY4OC0zNDM2M2JjN2M0YzAiOnsiY3JlYXRlIjoxODAwMDAwMDAwMDAwLCJkZWxldGUiOjYwMDAwMDAwMDAwMCwidXBkYXRlIjozNjAwMDAwMDAwMDAwfSwic2NoZW1hX3ZlcnNpb24iOiIxIn0=",
          "create_before_destroy": true
        }
      ]
    },
    {
      "module": "module.dynamodb",
      "mode": "managed",
      "type": "aws_dynamodb_table",
      "name": "users",
      "provider": "provider[\"registry.terraform.io/hashicorp/aws\"]",
      "instances": [
        {
          "schema_version": 1,
          "attributes": {
            "arn": "arn:aws:dynamodb:us-east-1:425720187450:table/animerec-users",
            "attribute": [
              {
                "name": "user_id",
                "type": "S"
              }
            ],
            "billing_mode": "PAY_PER_REQUEST",
            "deletion_protection_enabled": false,
            "global_secondary_index": [],
            "hash_key": "user_id",
            "id": "animerec-users",
            "local_secondary_index": [],
            "name": "animerec-users",
            "point_in_time_recovery": [
              {
                "enabled": false
              }
            ],
            "range_key": null,
            "read_capacity": 0,
            "replica": [],
            "restore_date_time": null,
            "restore_source_name": null,
            "restore_to_latest_time": null,
            "server_side_encryption": [],
            "stream_arn": "",
            "stream_enabled": false,
            "stream_label": "",
            "stream_view_type": "",
            "table_class": "STANDARD",
            "tags": {
              "Environment": "dev",
              "Project": "animerec"
            },
            "tags_all": {
              "Environment": "dev",
              "Project": "animerec"
            },
            "timeouts": null,
            "ttl": [
              {
                "attribute_name": "",
                "enabled": false
              }
            ],
            "write_capacity": 0
          },
          "sensitive_attributes": [],
          "identity_schema_version": 0,
          "private": "eyJlMmJmYjczMC1lY2FhLTExZTYtOGY4OC0zNDM2M2JjN2M0YzAiOnsiY3JlYXRlIjoxODAwMDAwMDAwMDAwLCJkZWxldGUiOjYwMDAwMDAwMDAwMCwidXBkYXRlIjozNjAwMDAwMDAwMDAwfSwic2NoZW1hX3ZlcnNpb24iOiIxIn0=",
          "create_before_destroy": true
        }
      ]
    },
    {
      "module": "module.onboarding_lambda",
      "mode": "data",
      "type": "archive_file",
      "name": "lambda_zip",
      "provider": "provider[\"registry.terraform.io/hashicorp/archive\"]",
      "instances": [
        {
          "schema_version": 0,
          "attributes": {
            "exclude_symlink_directories": null,
            "excludes": null,
            "id": "1cdc091d83fe8742b4042c13d45bc5e38769e75c",
            "output_base64sha256": "RQ8UuXSFnDbvF0+fCnAzij1FESZeUN+IVp/Vgad7D+8=",
            "output_base64sha512": "u5p1bNmESVQIEQhl7yyWHu3OEWTRHQlnEbZVddsbbGUQc2bg/DKMvMNP7zSDjUfoUJVFq9rsAw6CFX1qdCRTpQ==",
            "output_file_mode": null,
            "output_md5": "7b828a123ce64c9021b5d47dcc40646b",
            "output_path": "modules/lambda/.terraform/lambda_onboarding.zip",
            "output_sha": "1cdc091d83fe8742b4042c13d45bc5e38769e75c",
            "output_sha256": "450f14b974859c36ef174f9f0a70338a3d4511265e50df88569fd581a77b0fef",
            "output_sha512": "bb9a756cd984495408110865ef2c961eedce1164d11d096711b65575db1b6c65107366e0fc328cbcc34fef34838d47e8509545abdaec030e82157d6a742453a5",
            "output_size": 945,
            "source": [],
            "source_content": null,
            "source_content_filename": null,
            "source_dir": null,
            "source_file": "./../../backend/lambdas/onboarding/handler.py",
            "type": "zip"
          },
          "sensitive_attributes": [],
          "identity_schema_version": 0
        }
      ]
    },
    {
      "module": "module.onboarding_lambda",
      "mode": "managed",
      "type": "aws_cloudwatch_log_group",
      "name": "lambda_logs",
      "provider": "provider[\"registry.terraform.io/hashicorp/aws\"]",
      "instances": [
        {
          "schema_version": 0,
          "attributes": {
            "arn": "arn:aws:logs:us-east-1:425720187450:log-group:/aws/lambda/animerec-onboarding",
            "id": "/aws/lambda/animerec-onboarding",
            "kms_key_id": "",
            "name": "/aws/lambda/animerec-onboarding",
            "name_prefix": "",
            "retention_in_days": 14,
            "skip_destroy": false,
            "tags": {
              "Environment": "dev",
              "Project": "animerec"
            },
            "tags_all": {
              "Environment": "dev",
              "Project": "animerec"
            }
          },
          "sensitive_attributes": [],
          "identity_schema_version": 0,
          "private": "bnVsbA==",
          "dependencies": [
            "module.dynamodb.aws_dynamodb_table.users",
            "module.onboarding_lambda.aws_iam_role.lambda_exec_role",
            "module.onboarding_lambda.aws_lambda_function.function",
            "module.onboarding_lambda.data.archive_file.lambda_zip"
          ]
        }
      ]
    },
    {
      "module": "module.onboarding_lambda",
      "mode": "managed",
      "type": "aws_iam_role",
      "name": "lambda_exec_role",
      "provider": "provider[\"registry.terraform.io/hashicorp/aws\"]",
      "instances": [
        {
          "schema_version": 0,
          "attributes": {
            "arn": "arn:aws:iam::425720187450:role/animerec-onboarding-lambda-exec",
            "assume_role_policy": "{\"Statement\":[{\"Action\":\"sts:AssumeRole\",\"Effect\":\"Allow\",\"Principal\":{\"Service\":\"lambda.amazonaws.com\"}}],\"Version\":\"2012-10-17\"}",
            "create_date": "2026-01-30T03:07:39Z",
            "description": "",
            "force_detach_policies": false,
            "id": "animerec-onboarding-lambda-exec",
            "inline_policy": [
              {
                "name": "animerec-onboarding-lambda-logs",
                "policy": "{\"Version\":\"2012-10-17\",\"Statement\":[{\"Action\":[\"logs:CreateLogGroup\",\"logs:CreateLogStream\",\"logs:PutLogEvents\"],\"Effect\":\"Allow\",\"Resource\":\"arn:aws:logs:*:*:*\"}]}"
              },
              {
                "name": "animerec-onboarding-policy",
                "policy": "{\"Version\":\"2012-10-17\",\"Statement\":[{\"Action\":[\"dynamodb:PutItem\"],\"Effect\":\"Allow\",\"Resource\":\"arn:aws:dynamodb:us-east-1:425720187450:table/animerec-users\"}]}"
              }
            ],
            "managed_policy_arns": [],
            "max_session_duration": 3600,
            "name": "animerec-onboarding-lambda-exec",
            "name_prefix": "",
            "path": "/",
            "permissions_boundary": null,
            "role_last_used": [
              {
                "last_used_date": "2026-01-30T04:22:17Z",
                "region": "us-east-1"
              }
            ],
            "tags": {
              "Environment": "dev",
              "Project": "animerec"
            },
            "tags_all": {
              "Environment": "dev",
              "Project": "animerec"
            },
            "unique_id": "AROAWGHXGRI5NG7LQKSBO"
          },
          "sensitive_attributes": [],
          "identity_schema_version": 0,
          "private": "bnVsbA==",
          "create_before_destroy": true
        }
      ]
    },
    {
      "module": "module.onboarding_lambda",
      "mode": "managed",
      "type": "aws_iam_role_policy",
      "name": "lambda_logs",
      "provider": "provider[\"registry.terraform.io/hashicorp/aws\"]",
      "instances": [
        {
          "schema_version": 0,
          "attributes": {
            "id": "animerec-onboarding-lambda-exec:animerec-onboarding-lambda-logs",
            "name": "animerec-onboarding-lambda-logs",
            "name_prefix": null,
            "policy": "{\"Version\":\"2012-10-17\",\"Statement\":[{\"Action\":[\"logs:CreateLogGroup\",\"logs:CreateLogStream\",\"logs:PutLogEvents\"],\"Effect\":\"Allow\",\"Resource\":\"arn:aws:logs:*:*:*\"}]}",
            "role": "animerec-onboarding-lambda-exec"
          },
          "sensitive_attributes": [],
          "identity_schema_version": 0,
          "private": "bnVsbA==",
          "dependencies": [
            "module.onboarding_lambda.aws_iam_role.lambda_exec_role"
          ]
        }
      ]
    },
    {
      "module": "module.onboarding_lambda",
      "mode": "managed",
      "type": "aws_lambda_function",
      "name": "function",
      "provider": "provider[\"registry.terraform.io/hashicorp/aws\"]",
      "instances": [
        {
          "schema_version": 0,
          "attributes": {
            "architectures": [
              "x86_64"
            ],
            "arn": "arn:aws:lambda:us-east-1:425720187450:function:animerec-onboarding",
            "code_signing_config_arn": "",
            "dead_letter_config": [],
            "description": "",
            "environment": [
              {
                "variables": {
                  "USERS_TABLE": "animerec-users"
                }
              }
            ],
            "ephemeral_storage": [
              {
                "size": 512
              }
            ],
            "file_system_config": [],
            "filename": "modules/lambda/.terraform/lambda_onboarding.zip",
            "function_name": "animerec-onboarding",
            "handler": "handler.handler",
            "id": "animerec-onboarding",
            "image_config": [],
            "image_uri": "",
            "invoke_arn": "arn:aws:apigateway:us-east-1:lambda:path/2015-03-31/functions/arn:aws:lambda:us-east-1:425720187450:function:animerec-onboarding/invocations",
            "kms_key_arn": "",
            "last_modified": "2026-01-30T03:07:56.034+0000",
            "layers": [],
            "memory_size": 256,
            "package_type": "Zip",
            "publish": false,
            "qualified_arn": "arn:aws:lambda:us-east-1:425720187450:function:animerec-onboarding:$LATEST",
            "qualified_invoke_arn": "arn:aws:apigateway:us-east-1:lambda:path/2015-03-31/functions/arn:aws:lambda:us-east-1:425720187450:function:animerec-onboarding:$LATEST/invocations",
            "replace_security_groups_on_destroy": null,
            "replacement_security_group_ids": null,
            "reserved_concurrent_executions": -1,
            "role": "arn:aws:iam::425720187450:role/animerec-onboarding-lambda-exec",
            "runtime": "python3.10",
            "s3_bucket": null,
            "s3_key": null,
            "s3_object_version": null,
            "signing_job_arn": "",
            "signing_profile_version_arn": "",
            "skip_destroy": false,
            "snap_start": [],
            "source_code_hash": "RQ8UuXSFnDbvF0+fCnAzij1FESZeUN+IVp/Vgad7D+8=",
            "source_code_size": 945,
            "tags": {
              "Environment": "dev",
              "Project": "animerec"
            },
            "tags_all": {
              "Environment": "dev",
              "Project": "animerec"
            },
            "timeout": 30,
            "timeouts": null,
            "tracing_config": [
              {
                "mode": "PassThrough"
              }
            ],
            "version": "$LATEST",
            "vpc_config": []
          },
          "sensitive_attributes": [],
          "identity_schema_version": 0,
          "private": "eyJlMmJmYjczMC1lY2FhLTExZTYtOGY4OC0zNDM2M2JjN2M0YzAiOnsiY3JlYXRlIjo2MDAwMDAwMDAwMDAsImRlbGV0ZSI6NjAwMDAwMDAwMDAwLCJ1cGRhdGUiOjYwMDAwMDAwMDAwMH19",
          "dependencies": [
            "module.dynamodb.aws_dynamodb_table.users",
            "module.onboarding_lambda.aws_iam_role.lambda_exec_role",
            "module.onboarding_lambda.data.archive_file.lambda_zip"
          ],
          "create_before_destroy": true
        }
      ]
    },
    {
      "module": "module.recommendation_api_lambda",
      "mode": "data",
      "type": "archive_file",
      "name": "lambda_zip",
      "provider": "provider[\"registry.terraform.io/hashicorp/archive\"]",
      "instances": [
        {
          "schema_version": 0,
          "attributes": {
            "exclude_symlink_directories": null,
            "excludes": null,
            "id": "89ad79f313de2c37d8972a237461c90ca5032ae3",
            "output_base64sha256": "nfYlirmlyng0BmqfcxUsR+c2xk5pSgpyEft1LrkfW1A=",
            "output_base64sha512": "4zmQWKE/upyEs7L8eILmI414N7fDeqJoYlm0OwhQKmIt/oZ9+MHXRvE9dXG5AtaeRLFWeLtgEcwN33TSWGwLCQ==",
            "output_file_mode": null,
            "output_md5": "761fbf99cc7fc69847363e6711301963",
            "output_path": "modules/lambda/.terraform/lambda_recommendation-api.zip",
            "output_sha": "89ad79f313de2c37d8972a237461c90ca5032ae3",
            "output_sha256": "9df6258ab9a5ca7834066a9f73152c47e736c64e694a0a7211fb752eb91f5b50",
            "output_sha512": "e3399058a13fba9c84b3b2fc7882e6238d7837b7c37aa2686259b43b08502a622dfe867df8c1d746f13d7571b902d69e44b15678bb6011cc0ddf74d2586c0b09",
            "output_size": 1722,
            "source": [],
            "source_content": null,
            "source_content_filename": null,
            "source_dir": null,
            "source_file": "./../../backend/lambdas/recommendation/handler.py",
            "type": "zip"
          },
          "sensitive_attributes": [],
          "identity_schema_version": 0
        }
      ]
    },
    {
      "module": "module.recommendation_api_lambda",
      "mode": "managed",
      "type": "aws_cloudwatch_log_group",
      "name": "lambda_logs",
      "provider": "provider[\"registry.terraform.io/hashicorp/aws\"]",
      "instances": [
        {
          "schema_version": 0,
          "attributes": {
            "arn": "arn:aws:logs:us-east-1:425720187450:log-group:/aws/lambda/animerec-recommendation-api",
            "id": "/aws/lambda/animerec-recommendation-api",
            "kms_key_id": "",
            "name": "/aws/lambda/animerec-recommendation-api",
            "name_prefix": "",
            "retention_in_days": 14,
            "skip_destroy": false,
            "tags": {
              "Environment": "dev",
              "Project": "animerec"
            },
            "tags_all": {
              "Environment": "dev",
              "Project": "animerec"
            }
          },
          "sensitive_attributes": [],
          "identity_schema_version": 0,
          "private": "bnVsbA==",
          "dependencies": [
            "module.dynamodb.aws_dynamodb_table.anime",
            "module.dynamodb.aws_dynamodb_table.interactions",
            "module.dynamodb.aws_dynamodb_table.recommendation_cache",
            "module.dynamodb.aws_dynamodb_table.users",
            "module.recommendation_api_lambda.aws_iam_role.lambda_exec_role",
            "module.recommendation_api_lambda.aws_lambda_function.function",
            "module.recommendation_api_lambda.data.archive_file.lambda_zip",
            "module.recommendation_worker_lambda.aws_iam_role.lambda_exec_role",
            "module.recommendation_worker_lambda.aws_lambda_function.function",
            "module.recommendation_worker_lambda.data.archive_file.lambda_zip"
          ]
        }
      ]
    },
    {
      "module": "module.recommendation_api_lambda",
      "mode": "managed",
      "type": "aws_iam_role",
      "name": "lambda_exec_role",
      "provider": "provider[\"registry.terraform.io/hashicorp/aws\"]",
      "instances": [
        {
          "schema_version": 0,
          "attributes": {
            "arn": "arn:aws:iam::425720187450:role/animerec-recommendation-api-lambda-exec",
            "assume_role_policy": "{\"Statement\":[{\"Action\":\"sts:AssumeRole\",\"Effect\":\"Allow\",\"Principal\":{\"Service\":\"lambda.amazonaws.com\"}}],\"Version\":\"2012-10-17\"}",
            "create_date": "2026-01-30T03:07:39Z",
            "description": "",
            "force_detach_policies": false,
            "id": "animerec-recommendation-api-lambda-exec",
            "inline_policy": [
              {
                "name": "animerec-recommendation-api-lambda-logs",
                "policy": "{\"Version\":\"2012-10-17\",\"Statement\":[{\"Action\":[\"logs:CreateLogGroup\",\"logs:CreateLogStream\",\"logs:PutLogEvents\"],\"Effect\":\"Allow\",\"Resource\":\"arn:aws:logs:*:*:*\"}]}"
              },
              {
                "name": "animerec-recommendation-api-policy",
                "policy": "{\"Version\":\"2012-10-17\",\"Statement\":[{\"Action\":[\"dynamodb:GetItem\"],\"Effect\":\"Allow\",\"Resource\":\"arn:aws:dynamodb:us-east-1:425720187450:table/animerec-recommendation-cache\"},{\"Action\":[\"lambda:InvokeFunction\"],\"Effect\":\"Allow\",\"Resource\":\"arn:aws:lambda:us-east-1:425720187450:function:animerec-recommendation-worker\"}]}"
              }
            ],
            "managed_policy_arns": [],
            "max_session_duration": 3600,
            "name": "animerec-recommendation-api-lambda-exec",
            "name_prefix": "",
            "path": "/",
            "permissions_boundary": null,
            "role_last_used": [
              {
                "last_used_date": "2026-01-30T04:51:30Z",
                "region": "us-east-1"
              }
            ],
            "tags": {
              "Environment": "dev",
              "Project": "animerec"
            },
            "tags_all": {
              "Environment": "dev",
              "Project": "animerec"
            },
            "unique_id": "AROAWGHXGRI5HKK5W6ZK3"
          },
          "sensitive_attributes": [],
          "identity_schema_version": 0,
          "private": "bnVsbA==",
          "create_before_destroy": true
        }
      ]
    },
    {
      "module": "module.recommendation_api_lambda",
      "mode": "managed",
      "type": "aws_iam_role_policy",
      "name": "lambda_logs",
      "provider": "provider[\"registry.terraform.io/hashicorp/aws\"]",
      "instances": [
        {
          "schema_version": 0,
          "attributes": {
            "id": "animerec-recommendation-api-lambda-exec:animerec-recommendation-api-lambda-logs",
            "name": "animerec-recommendation-api-lambda-logs",
            "name_prefix": null,
            "policy": "{\"Version\":\"2012-10-17\",\"Statement\":[{\"Action\":[\"logs:CreateLogGroup\",\"logs:CreateLogStream\",\"logs:PutLogEvents\"],\"Effect\":\"Allow\",\"Resource\":\"arn:aws:logs:*:*:*\"}]}",
            "role": "animerec-recommendation-api-lambda-exec"
          },
          "sensitive_attributes": [],
          "identity_schema_version": 0,
          "private": "bnVsbA==",
          "dependencies": [
            "module.recommendation_api_lambda.aws_iam_role.lambda_exec_role"
          ]
        }
      ]
    },
    {
      "module": "module.recommendation_api_lambda",
      "mode": "managed",
      "type": "aws_lambda_function",
      "name": "function",
      "provider": "provider[\"registry.terraform.io/hashicorp/aws\"]",
      "instances": [
        {
          "schema_version": 0,
          "attributes": {
            "architectures": [
              "x86_64"
            ],
            "arn": "arn:aws:lambda:us-east-1:425720187450:function:animerec-recommendation-api",
            "code_signing_config_arn": "",
            "dead_letter_config": [],
            "description": "",
            "environment": [
              {
                "variables": {
                  "RECOMMENDATION_CACHE_TABLE": "animerec-recommendation-cache",
                  "RECOMMENDATION_WORKER_FUNCTION": "animerec-recommendation-worker",
                  "TOP_N": "20"
                }
              }
            ],
            "ephemeral_storage": [
              {
                "size": 512
              }
            ],
            "file_system_config": [],
            "filename": "modules/lambda/.terraform/lambda_recommendation-api.zip",
            "function_name": "animerec-recommendation-api",
            "handler": "handler.handler",
            "id": "animerec-recommendation-api",
            "image_config": [],
            "image_uri": "",
            "invoke_arn": "arn:aws:apigateway:us-east-1:lambda:path/2015-03-31/functions/arn:aws:lambda:us-east-1:425720187450:function:animerec-recommendation-api/invocations",
            "kms_key_arn": "",
            "last_modified": "2026-01-30T03:49:14.000+0000",
            "layers": [],
            "memory_size": 256,
            "package_type": "Zip",
            "publish": false,
            "qualified_arn": "arn:aws:lambda:us-east-1:425720187450:function:animerec-recommendation-api:$LATEST",
            "qualified_invoke_arn": "arn:aws:apigateway:us-east-1:lambda:path/2015-03-31/functions/arn:aws:lambda:us-east-1:425720187450:function:animerec-recommendation-api:$LATEST/invocations",
            "replace_security_groups_on_destroy": null,
            "replacement_security_group_ids": null,
            "reserved_concurrent_executions": -1,
            "role": "arn:aws:iam::425720187450:role/animerec-recommendation-api-lambda-exec",
            "runtime": "python3.10",
            "s3_bucket": null,
            "s3_key": null,
            "s3_object_version": null,
            "signing_job_arn": "",
            "signing_profile_version_arn": "",
            "skip_destroy": false,
            "snap_start": [],
            "source_code_hash": "nfYlirmlyng0BmqfcxUsR+c2xk5pSgpyEft1LrkfW1A=",
            "source_code_size": 1722,
            "tags": {
              "Environment": "dev",
              "Project": "animerec"
            },
            "tags_all": {
              "Environment": "dev",
              "Project": "animerec"
            },
            "timeout": 30,
            "timeouts": null,
            "tracing_config": [
              {
                "mode": "PassThrough"
              }
            ],
            "version": "$LATEST",
            "vpc_config": []
          },
          "sensitive_attributes": [],
          "identity_schema_version": 0,
          "private": "eyJlMmJmYjczMC1lY2FhLTExZTYtOGY4OC0zNDM2M2JjN2M0YzAiOnsiY3JlYXRlIjo2MDAwMDAwMDAwMDAsImRlbGV0ZSI6NjAwMDAwMDAwMDAwLCJ1cGRhdGUiOjYwMDAwMDAwMDAwMH19",
          "dependencies": [
            "module.dynamodb.aws_dynamodb_table.anime",
            "module.dynamodb.aws_dynamodb_table.interactions",
            "module.dynamodb.aws_dynamodb_table.recommendation_cache",
            "module.dynamodb.aws_dynamodb_table.users",
            "module.recommendation_api_lambda.aws_iam_role.lambda_exec_role",
            "module.recommendation_api_lambda.data.archive_file.lambda_zip",
            "module.recommendation_worker_lambda.aws_iam_role.lambda_exec_role",
            "module.recommendation_worker_lambda.aws_lambda_function.function",
            "module.recommendation_worker_lambda.data.archive_file.lambda_zip"
          ],
          "create_before_destroy": true
        }
      ]
    },
    {
      "module": "module.recommendation_worker_lambda",
      "mode": "data",
      "type": "archive_file",
      "name": "lambda_zip",
      "provider": "provider[\"registry.terraform.io/hashicorp/archive\"]",
      "instances": [
        {
          "schema_version": 0,
          "attributes": {
            "exclude_symlink_directories": null,
            "excludes": null,
            "id": "10a2a0bd8b6869733b6c19e5ab1c195a8d009722",
            "output_base64sha256": "EDpl2HVq01fSo/S3F21Y1v0TqwIY3DxSbFBdRKFEZGA=",
            "output_base64sha512": "nLrPa8yRisT2/brtHEkqg+i9/gK9GkPf3Wsp2QGVGkKC7PvzmY4OVI07P9eAPYkkvs6CXjBeGwPCqDGKRnrdFw==",
            "output_file_mode": null,
            "output_md5": "3dbab83e964de41b0f5069a00b6674e0",
            "output_path": "modules/lambda/.terraform/lambda_recommendation-worker.zip",
            "output_sha": "10a2a0bd8b6869733b6c19e5ab1c195a8d009722",
            "output_sha256": "103a65d8756ad357d2a3f4b7176d58d6fd13ab0218dc3c526c505d44a1446460",
            "output_sha512": "9cbacf6bcc918ac4f6fdbaed1c492a83e8bdfe02bd1a43dfdd6b29d901951a4282ecfbf3998e0e548d3b3fd7803d8924bece825e305e1b03c2a8318a467add17",
            "output_size": 2866,
            "source": [],
            "source_content": null,
            "source_content_filename": null,
            "source_dir": null,
            "source_file": "./../../backend/lambdas/recommendation_worker/handler.py",
            "type": "zip"
          },
          "sensitive_attributes": [],
          "identity_schema_version": 0
        }
      ]
    },
    {
      "module": "module.recommendation_worker_lambda",
      "mode": "managed",
      "type": "aws_cloudwatch_log_group",
      "name": "lambda_logs",
      "provider": "provider[\"registry.terraform.io/hashicorp/aws\"]",
      "instances": [
        {
          "schema_version": 0,
          "attributes": {
            "arn": "arn:aws:logs:us-east-1:425720187450:log-group:/aws/lambda/animerec-recommendation-worker",
            "id": "/aws/lambda/animerec-recommendation-worker",
            "kms_key_id": "",
            "name": "/aws/lambda/animerec-recommendation-worker",
            "name_prefix": "",
            "retention_in_days": 14,
            "skip_destroy": false,
            "tags": {
              "Environment": "dev",
              "Project": "animerec"
            },
            "tags_all": {
              "Environment": "dev",
              "Project": "animerec"
            }
          },
          "sensitive_attributes": [],
          "identity_schema_version": 0,
          "private": "bnVsbA==",
          "dependencies": [
            "module.dynamodb.aws_dynamodb_table.anime",
            "module.dynamodb.aws_dynamodb_table.interactions",
            "module.dynamodb.aws_dynamodb_table.recommendation_cache",
            "module.dynamodb.aws_dynamodb_table.users",
            "module.recommendation_worker_lambda.aws_iam_role.lambda_exec_role",
            "module.recommendation_worker_lambda.aws_lambda_function.function",
            "module.recommendation_worker_lambda.data.archive_file.lambda_zip"
          ]
        }
      ]
    },
    {
      "module": "module.recommendation_worker_lambda",
      "mode": "managed",
      "type": "aws_iam_role",
      "name": "lambda_exec_role",
      "provider": "provider[\"registry.terraform.io/hashicorp/aws\"]",
      "instances": [
        {
          "schema_version": 0,
          "attributes": {
            "arn": "arn:aws:iam::425720187450:role/animerec-recommendation-worker-lambda-exec",
            "assume_role_policy": "{\"Statement\":[{\"Action\":\"sts:AssumeRole\",\"Effect\":\"Allow\",\"Principal\":{\"Service\":\"lambda.amazonaws.com\"}}],\"Version\":\"2012-10-17\"}",
            "create_date": "2026-01-30T03:07:39Z",
            "description": "",
            "force_detach_policies": false,
            "id": "animerec-recommendation-worker-lambda-exec",
            "inline_policy": [
              {
                "name": "animerec-recommendation-worker-lambda-logs",
                "policy": "{\"Version\":\"2012-10-17\",\"Statement\":[{\"Action\":[\"logs:CreateLogGroup\",\"logs:CreateLogStream\",\"logs:PutLogEvents\"],\"Effect\":\"Allow\",\"Resource\":\"arn:aws:logs:*:*:*\"}]}"
              },
              {
                "name": "animerec-recommendation-worker-policy",
                "policy": "{\"Version\":\"2012-10-17\",\"Statement\":[{\"Action\":[\"dynamodb:GetItem\",\"dynamodb:Query\",\"dynamodb:Scan\"],\"Effect\":\"Allow\",\"Resource\":[\"arn:aws:dynamodb:us-east-1:425720187450:table/animerec-users\",\"arn:aws:dynamodb:us-east-1:425720187450:table/animerec-interactions\",\"arn:aws:dynamodb:us-east-1:425720187450:table/animerec-anime\"]},{\"Action\":[\"dynamodb:PutItem\"],\"Effect\":\"Allow\",\"Resource\":\"arn:aws:dynamodb:us-east-1:425720187450:table/animerec-recommendation-cache\"}]}"
              }
            ],
            "managed_policy_arns": [],
            "max_session_duration": 3600,
            "name": "animerec-recommendation-worker-lambda-exec",
            "name_prefix": "",
            "path": "/",
            "permissions_boundary": null,
            "role_last_used": [
              {
                "last_used_date": "2026-01-30T04:22:17Z",
                "region": "us-east-1"
              }
            ],
            "tags": {
              "Environment": "dev",
              "Project": "animerec"
            },
            "tags_all": {
              "Environment": "dev",
              "Project": "animerec"
            },
            "unique_id": "AROAWGHXGRI5ELQ3E5IWP"
          },
          "sensitive_attributes": [],
          "identity_schema_version": 0,
          "private": "bnVsbA==",
          "create_before_destroy": true
        }
      ]
    },
    {
      "module": "module.recommendation_worker_lambda",
      "mode": "managed",
      "type": "aws_iam_role_policy",
      "name": "lambda_logs",
      "provider": "provider[\"registry.terraform.io/hashicorp/aws\"]",
      "instances": [
        {
          "schema_version": 0,
          "attributes": {
            "id": "animerec-recommendation-worker-lambda-exec:animerec-recommendation-worker-lambda-logs",
            "name": "animerec-recommendation-worker-lambda-logs",
            "name_prefix": null,
            "policy": "{\"Version\":\"2012-10-17\",\"Statement\":[{\"Action\":[\"logs:CreateLogGroup\",\"logs:CreateLogStream\",\"logs:PutLogEvents\"],\"Effect\":\"Allow\",\"Resource\":\"arn:aws:logs:*:*:*\"}]}",
            "role": "animerec-recommendation-worker-lambda-exec"
          },
          "sensitive_attributes": [],
          "identity_schema_version": 0,
          "private": "bnVsbA==",
          "dependencies": [
            "module.recommendation_worker_lambda.aws_iam_role.lambda_exec_role"
          ]
        }
      ]
    },
    {
      "module": "module.recommendation_worker_lambda",
      "mode": "managed",
      "type": "aws_lambda_function",
      "name": "function",
      "provider": "provider[\"registry.terraform.io/hashicorp/aws\"]",
      "instances": [
        {
          "schema_version": 0,
          "attributes": {
            "architectures": [
              "x86_64"
            ],
            "arn": "arn:aws:lambda:us-east-1:425720187450:function:animerec-recommendation-worker",
            "code_signing_config_arn": "",
            "dead_letter_config": [],
            "description": "",
            "environment": [
              {
                "variables": {
                  "ANIME_TABLE": "animerec-anime",
                  "CACHE_TTL_SECONDS": "86400",
                  "INTERACTIONS_TABLE": "animerec-interactions",
                  "RECOMMENDATION_CACHE_TABLE": "animerec-recommendation-cache",
                  "TOP_N": "20",
                  "USERS_TABLE": "animerec-users"
                }
              }
            ],
            "ephemeral_storage": [
              {
                "size": 512
              }
            ],
            "file_system_config": [],
            "filename": "modules/lambda/.terraform/lambda_recommendation-worker.zip",
            "function_name": "animerec-recommendation-worker",
            "handler": "handler.handler",
            "id": "animerec-recommendation-worker",
            "image_config": [],
            "image_uri": "",
            "invoke_arn": "arn:aws:apigateway:us-east-1:lambda:path/2015-03-31/functions/arn:aws:lambda:us-east-1:425720187450:function:animerec-recommendation-worker/invocations",
            "kms_key_arn": "",
            "last_modified": "2026-01-30T03:45:32.000+0000",
            "layers": [],
            "memory_size": 512,
            "package_type": "Zip",
            "publish": false,
            "qualified_arn": "arn:aws:lambda:us-east-1:425720187450:function:animerec-recommendation-worker:$LATEST",
            "qualified_invoke_arn": "arn:aws:apigateway:us-east-1:lambda:path/2015-03-31/functions/arn:aws:lambda:us-east-1:425720187450:function:animerec-recommendation-worker:$LATEST/invocations",
            "replace_security_groups_on_destroy": null,
            "replacement_security_group_ids": null,
            "reserved_concurrent_executions": -1,
            "role": "arn:aws:iam::425720187450:role/animerec-recommendation-worker-lambda-exec",
            "runtime": "python3.10",
            "s3_bucket": null,
            "s3_key": null,
            "s3_object_version": null,
            "signing_job_arn": "",
            "signing_profile_version_arn": "",
            "skip_destroy": false,
            "snap_start": [],
            "source_code_hash": "EDpl2HVq01fSo/S3F21Y1v0TqwIY3DxSbFBdRKFEZGA=",
            "source_code_size": 2866,
            "tags": {
              "Environment": "dev",
              "Project": "animerec"
            },
            "tags_all": {
              "Environment": "dev",
              "Project": "animerec"
            },
            "timeout": 60,
            "timeouts": null,
            "tracing_config": [
              {
                "mode": "PassThrough"
              }
            ],
            "version": "$LATEST",
            "vpc_config": []
          },
          "sensitive_attributes": [],
          "identity_schema_version": 0,
          "private": "eyJlMmJmYjczMC1lY2FhLTExZTYtOGY4OC0zNDM2M2JjN2M0YzAiOnsiY3JlYXRlIjo2MDAwMDAwMDAwMDAsImRlbGV0ZSI6NjAwMDAwMDAwMDAwLCJ1cGRhdGUiOjYwMDAwMDAwMDAwMH19",
          "dependencies": [
            "module.dynamodb.aws_dynamodb_table.anime",
            "module.dynamodb.aws_dynamodb_table.interactions",
            "module.dynamodb.aws_dynamodb_table.recommendation_cache",
            "module.dynamodb.aws_dynamodb_table.users",
            "module.recommendation_worker_lambda.aws_iam_role.lambda_exec_role",
            "module.recommendation_worker_lambda.data.archive_file.lambda_zip"
          ],
          "create_before_destroy": true
        }
      ]
    }
  ],
  "check_results": null
}
